
Microsoft Visual Studio Solution File, Format Version 12.00
# Visual Studio Version 16
VisualStudioVersion = 16.0.31702.278
MinimumVisualStudioVersion = 10.0.40219.1
Project("{8BC9CEB8-8B4A-11D0-8D11-00A0C91BC942}") = "Expression", "Expression\Expression.vcxproj", "{76F85E57-8152-4D41-9BB8-C771CBBE4770}"
EndProject
Project("{2150E333-8FDC-42A3-9474-1A3956D46DE8}") = "HW1", "HW1", "{91714BD4-994E-4EFC-BE32-E5480CBC6FAB}"
EndProject
Project("{2150E333-8FDC-42A3-9474-1A3956D46DE8}") = "CL", "CL", "{5EBF4207-D8CA-4BE1-9907-540D53353D6B}"
EndProject
Project("{2150E333-8FDC-42A3-9474-1A3956D46DE8}") = "HW", "HW", "{D8DC44F7-4792-40F9-AAFE-0257EEB5CA8B}"
EndProject
Project("{2150E333-8FDC-42A3-9474-1A3956D46DE8}") = "HW2", "HW2", "{8DDE2DFA-E680-4CE8-B64D-5F4C75700C5D}"
EndProject
Project("{8BC9CEB8-8B4A-11D0-8D11-00A0C91BC942}") = "SumOf3DigitNum", "SumOf3DigitNum\SumOf3DigitNum.vcxproj", "{2BDF35AD-C2DD-458C-AD64-A923A592054F}"
EndProject
Project("{8BC9CEB8-8B4A-11D0-8D11-00A0C91BC942}") = "3DigitNumVV", "3DigitNumVV\3DigitNumVV.vcxproj", "{9D1DC759-B861-494A-AFA4-EA9CA0E513BC}"
EndProject
Project("{8BC9CEB8-8B4A-11D0-8D11-00A0C91BC942}") = "DistBet2Points", "DistBet2Points\DistBet2Points.vcxproj", "{87B0AADD-0B54-477A-80D6-75727849640B}"
EndProject
Project("{8BC9CEB8-8B4A-11D0-8D11-00A0C91BC942}") = "RoomAndTiles", "RoomAndTiles\RoomAndTiles.vcxproj", "{9581F2FD-A62B-4582-B3B9-6CE0DB06E416}"
EndProject
Project("{2150E333-8FDC-42A3-9474-1A3956D46DE8}") = "HW3", "HW3", "{3040ADC4-9259-4EA0-ADC6-C0826E6EE531}"
EndProject
Project("{8BC9CEB8-8B4A-11D0-8D11-00A0C91BC942}") = "Discriminant", "Discriminant\Discriminant.vcxproj", "{EDFA845F-0588-4550-A462-0B625CE94AE3}"
EndProject
Project("{2150E333-8FDC-42A3-9474-1A3956D46DE8}") = "HW4", "HW4", "{B41B784E-3E0A-471F-A65B-05C905AF9ADC}"
EndProject
Project("{8BC9CEB8-8B4A-11D0-8D11-00A0C91BC942}") = "CalcFormula2", "CalcFormula2\CalcFormula2.vcxproj", "{18C0B454-A114-4FFB-812F-4247178CAD4E}"
EndProject
Project("{8BC9CEB8-8B4A-11D0-8D11-00A0C91BC942}") = "CalcFormula3", "CalcFormula3\CalcFormula3.vcxproj", "{3AD3B98F-FF5B-44A3-A53D-2B5F66184EE4}"
EndProject
Project("{8BC9CEB8-8B4A-11D0-8D11-00A0C91BC942}") = "CalcFormula4", "CalcFormula4\CalcFormula4.vcxproj", "{C99BB0F9-52AC-4718-927C-EAADA586C174}"
EndProject
Project("{8BC9CEB8-8B4A-11D0-8D11-00A0C91BC942}") = "CalcFormula5", "CalcFormula5\CalcFormula5.vcxproj", "{A4E9BFB5-5402-4467-8A18-4EA54CEC0868}"
EndProject
Project("{8BC9CEB8-8B4A-11D0-8D11-00A0C91BC942}") = "CalcFormula6", "CalcFormula6\CalcFormula6.vcxproj", "{029CBCEF-DFD5-4A72-89FC-522D1EFFCC03}"
EndProject
Project("{8BC9CEB8-8B4A-11D0-8D11-00A0C91BC942}") = "CalcFormula7", "CalcFormula7\CalcFormula7.vcxproj", "{FEDBF308-3B05-490C-B333-0FBC3A2AF5D9}"
EndProject
Project("{8BC9CEB8-8B4A-11D0-8D11-00A0C91BC942}") = "CalcFormula8", "CalcFormula8\CalcFormula8.vcxproj", "{913FF149-BBFB-4A12-A3F3-5C12FF0A22CD}"
EndProject
Project("{8BC9CEB8-8B4A-11D0-8D11-00A0C91BC942}") = "CalcFormula9", "CalcFormula9\CalcFormula9.vcxproj", "{11426C3A-6DEB-4338-8E25-6FFC5882DE64}"
EndProject
Project("{8BC9CEB8-8B4A-11D0-8D11-00A0C91BC942}") = "CalcFormula10", "CalcFormula10\CalcFormula10.vcxproj", "{C878D3A7-7252-4CB1-B69D-FF2849ABADCF}"
EndProject
Project("{8BC9CEB8-8B4A-11D0-8D11-00A0C91BC942}") = "CalcFormula1", "CalcFormula1\CalcFormula1.vcxproj", "{ED28BC23-D3A0-44C2-9BA9-F0B557B638CA}"
EndProject
Project("{8BC9CEB8-8B4A-11D0-8D11-00A0C91BC942}") = "CalcFormula11", "CalcFormula11\CalcFormula11.vcxproj", "{507FB11F-6477-45C6-999B-6E6FE714AB45}"
EndProject
Project("{8BC9CEB8-8B4A-11D0-8D11-00A0C91BC942}") = "CalcFormula12", "CalcFormula12\CalcFormula12.vcxproj", "{36A7E6F8-B205-4F0C-9B92-22B07733AD35}"
EndProject
Project("{8BC9CEB8-8B4A-11D0-8D11-00A0C91BC942}") = "Absolute", "Absolute\Absolute.vcxproj", "{6BC9A3D2-F801-4A1E-A471-CB1EFE6597DE}"
EndProject
Project("{8BC9CEB8-8B4A-11D0-8D11-00A0C91BC942}") = "IsEvenAndTwoDigit", "IsEvenAndTwoDigit\IsEvenAndTwoDigit.vcxproj", "{D67538D3-464A-47C9-B747-D537B72BB43E}"
EndProject
Project("{8BC9CEB8-8B4A-11D0-8D11-00A0C91BC942}") = "Average", "Average\Average.vcxproj", "{F1CA00B7-2501-4190-AE41-29E3A7EF58AD}"
EndProject
Project("{8BC9CEB8-8B4A-11D0-8D11-00A0C91BC942}") = "MaxNumberDivisor", "MaxNumberDivisor\MaxNumberDivisor.vcxproj", "{2005BC5C-D770-4ED0-8D98-963DA35E43A0}"
EndProject
Project("{2150E333-8FDC-42A3-9474-1A3956D46DE8}") = "HW5", "HW5", "{83FD2ACE-5FFC-4AB3-A764-623F390A7A40}"
EndProject
Project("{8BC9CEB8-8B4A-11D0-8D11-00A0C91BC942}") = "SumOfTwoDigitNums", "SumOfTwoDigitNums\SumOfTwoDigitNums.vcxproj", "{1900E37D-63CA-4AA0-A668-00FF27A1C769}"
EndProject
Project("{8BC9CEB8-8B4A-11D0-8D11-00A0C91BC942}") = "Picture1", "Picture1\Picture1.vcxproj", "{F171B1B9-B209-4170-8DD8-241BFFEE685C}"
EndProject
Project("{8BC9CEB8-8B4A-11D0-8D11-00A0C91BC942}") = "Picture2", "Picture2\Picture2.vcxproj", "{3F420781-E215-47B6-A0E3-DDC528EFB52B}"
EndProject
Project("{8BC9CEB8-8B4A-11D0-8D11-00A0C91BC942}") = "SumOfDigitInNum", "SumOfDigitInNum\SumOfDigitInNum.vcxproj", "{12B4A0C5-FEF8-4338-800C-FD24CFE2BEA9}"
EndProject
Project("{8BC9CEB8-8B4A-11D0-8D11-00A0C91BC942}") = "SumOfEvenDigitInNum", "SumOfEvenDigitInNum\SumOfEvenDigitInNum.vcxproj", "{49FA9549-9787-42C7-BF5B-7479AB554FAA}"
EndProject
Project("{8BC9CEB8-8B4A-11D0-8D11-00A0C91BC942}") = "SumOfAllDivisorsOfNum", "SumOfAllDivisorsOfNum\SumOfAllDivisorsOfNum.vcxproj", "{6881D1DB-3649-489C-9AA8-490D0CFC7907}"
EndProject
Project("{2150E333-8FDC-42A3-9474-1A3956D46DE8}") = "HW6", "HW6", "{DEFBA944-DC5D-441D-AEB3-CA75E0444A64}"
EndProject
Project("{8BC9CEB8-8B4A-11D0-8D11-00A0C91BC942}") = "FirstHundred", "FirstHundred\FirstHundred.vcxproj", "{3FB58DD3-2DE7-41E3-A154-28FCE7A48C65}"
EndProject
Project("{8BC9CEB8-8B4A-11D0-8D11-00A0C91BC942}") = "HowMuchMinus2", "HowMuchMinus2\HowMuchMinus2.vcxproj", "{5DCFC787-F53F-484C-8EB5-B56F70C623E9}"
EndProject
Project("{8BC9CEB8-8B4A-11D0-8D11-00A0C91BC942}") = "RandomNNumbers", "RandomNNumbers\RandomNNumbers.vcxproj", "{6990B736-110E-4F87-9790-BE97D515473C}"
EndProject
Project("{8BC9CEB8-8B4A-11D0-8D11-00A0C91BC942}") = "Matches", "Matches\Matches.vcxproj", "{67397BCA-AAB6-4257-9692-17124DD60C67}"
EndProject
Project("{2150E333-8FDC-42A3-9474-1A3956D46DE8}") = "HW7", "HW7", "{2A8EF94C-AE81-4E39-8CC4-7633EFE219A4}"
EndProject
Project("{8BC9CEB8-8B4A-11D0-8D11-00A0C91BC942}") = "SumOfTwoNums", "SumOfTwoNums\SumOfTwoNums.vcxproj", "{68B9B89F-C493-4642-A689-2BE1C890E637}"
EndProject
Project("{2150E333-8FDC-42A3-9474-1A3956D46DE8}") = "HW8", "HW8", "{66565B71-C6D1-4906-B63C-A0FB4A194BE3}"
EndProject
Project("{8BC9CEB8-8B4A-11D0-8D11-00A0C91BC942}") = "TasksFromCF", "TasksFromCF\TasksFromCF.vcxproj", "{CBE8DFBF-CDB6-4BD2-B9A7-DB243413619C}"
EndProject
Project("{2150E333-8FDC-42A3-9474-1A3956D46DE8}") = "CL1", "CL1", "{0FB103E2-C944-47E6-AB62-874D54C8C188}"
EndProject
Project("{8BC9CEB8-8B4A-11D0-8D11-00A0C91BC942}") = "CL1", "CL1\CL1.vcxproj", "{91FF6925-025A-4F08-B5EF-93CBD9131A33}"
EndProject
Project("{2150E333-8FDC-42A3-9474-1A3956D46DE8}") = "CL2", "CL2", "{3C742825-17FE-4674-9B17-DBE2B5DA8069}"
EndProject
Project("{8BC9CEB8-8B4A-11D0-8D11-00A0C91BC942}") = "CL2", "CL2\CL2.vcxproj", "{4221B4C4-AC63-47AF-A7CE-1F2C212469C0}"
EndProject
Project("{2150E333-8FDC-42A3-9474-1A3956D46DE8}") = "CL3", "CL3", "{01ABA3FF-1E8F-48A4-A245-233B389F1B8C}"
EndProject
Project("{8BC9CEB8-8B4A-11D0-8D11-00A0C91BC942}") = "CL3", "CL3\CL3.vcxproj", "{15A1DFBF-FC42-402D-A6F0-AA20B150E3E4}"
EndProject
Project("{2150E333-8FDC-42A3-9474-1A3956D46DE8}") = "CL4", "CL4", "{6EAFC8CA-DB55-4355-84BB-BBCB08C318CA}"
EndProject
Project("{2150E333-8FDC-42A3-9474-1A3956D46DE8}") = "CL5", "CL5", "{A4B8A6EF-6CE1-49B0-AC16-ED31CEFC855F}"
EndProject
Project("{2150E333-8FDC-42A3-9474-1A3956D46DE8}") = "CL6", "CL6", "{EF38C2E6-9F59-46FE-A83D-2ED914CF46CD}"
EndProject
Project("{2150E333-8FDC-42A3-9474-1A3956D46DE8}") = "CL7", "CL7", "{01FB1B45-DEC8-41A4-87EF-7E1F008A40A5}"
EndProject
Project("{2150E333-8FDC-42A3-9474-1A3956D46DE8}") = "CL8", "CL8", "{9943CC5A-C6A3-47FF-8BE4-750B617F0DC8}"
EndProject
Project("{8BC9CEB8-8B4A-11D0-8D11-00A0C91BC942}") = "CL4", "CL4\CL4.vcxproj", "{D3090110-FED8-40BA-AF85-5B0A0E48976F}"
EndProject
Project("{8BC9CEB8-8B4A-11D0-8D11-00A0C91BC942}") = "CL5", "CL5\CL5.vcxproj", "{816BE89E-AA0E-4131-B953-34D5D6655324}"
EndProject
Project("{8BC9CEB8-8B4A-11D0-8D11-00A0C91BC942}") = "CL6", "CL6\CL6.vcxproj", "{FEAA830C-61E3-4E68-A1E8-86AD73887BB3}"
EndProject
Project("{8BC9CEB8-8B4A-11D0-8D11-00A0C91BC942}") = "CL7", "CL7\CL7.vcxproj", "{CF6B0DA7-5E64-406D-B5F1-59EE495B42F2}"
EndProject
Project("{8BC9CEB8-8B4A-11D0-8D11-00A0C91BC942}") = "CL8", "CL8\CL8.vcxproj", "{C2DE67E0-7DC8-4A4B-9E31-063C0B0B9AE1}"
EndProject
Project("{2150E333-8FDC-42A3-9474-1A3956D46DE8}") = "HW9", "HW9", "{6291F468-E446-4A56-930C-6127F9BB13B4}"
EndProject
Project("{8BC9CEB8-8B4A-11D0-8D11-00A0C91BC942}") = "TheLongestWord", "TheLongestWord\TheLongestWord.vcxproj", "{8D9B1194-9A89-4624-B11B-F4D5C806C16E}"
EndProject
Project("{8BC9CEB8-8B4A-11D0-8D11-00A0C91BC942}") = "WordNoRepeats", "WordNoRepeats\WordNoRepeats.vcxproj", "{D0DD64F7-0585-4357-ABA5-460AFAC342F1}"
EndProject
Project("{2150E333-8FDC-42A3-9474-1A3956D46DE8}") = "CL9", "CL9", "{CF2BB1DF-0A38-4DA6-B23B-893691A3AFFE}"
EndProject
Project("{8BC9CEB8-8B4A-11D0-8D11-00A0C91BC942}") = "CL9", "CL9\CL9.vcxproj", "{93349DA6-74F4-4AA2-AC98-7451DA4DEAA6}"
EndProject
Project("{2150E333-8FDC-42A3-9474-1A3956D46DE8}") = "CL10", "CL10", "{AB63BB89-CC45-4947-AF9F-058D1BD0D843}"
EndProject
Project("{8BC9CEB8-8B4A-11D0-8D11-00A0C91BC942}") = "CL10", "CL10\CL10.vcxproj", "{D4AF8288-56B3-4A69-94AD-BD7B3760A1F0}"
EndProject
Project("{2150E333-8FDC-42A3-9474-1A3956D46DE8}") = "HW10", "HW10", "{9EFACC85-7B81-4B3E-8216-6AC210A91869}"
EndProject
Project("{8BC9CEB8-8B4A-11D0-8D11-00A0C91BC942}") = "HW10", "HW10\HW10.vcxproj", "{A408D1D1-ED64-4B82-85D7-2C53CFACD035}"
EndProject
Project("{8BC9CEB8-8B4A-11D0-8D11-00A0C91BC942}") = "Olimp", "Olimp\Olimp.vcxproj", "{89C9B2F9-0AEB-424F-86D2-9FD159BE7542}"
EndProject
Project("{2150E333-8FDC-42A3-9474-1A3956D46DE8}") = "CL11", "CL11", "{439E415B-34A5-4FDF-8D89-8BF9FFA90094}"
EndProject
Project("{8BC9CEB8-8B4A-11D0-8D11-00A0C91BC942}") = "CL11", "CL11\CL11.vcxproj", "{5C74C379-1ADF-4BAA-8F26-E2FE35A11965}"
EndProject
Project("{2150E333-8FDC-42A3-9474-1A3956D46DE8}") = "CL12", "CL12", "{F27DBC65-28C8-4E18-86BA-ED4FDE5911C5}"
EndProject
Project("{8BC9CEB8-8B4A-11D0-8D11-00A0C91BC942}") = "CL12", "CL12\CL12.vcxproj", "{2A5D5FCC-8252-4F98-B90F-B505A84804F4}"
EndProject
Project("{2150E333-8FDC-42A3-9474-1A3956D46DE8}") = "HW11", "HW11", "{BB629AC6-0918-4811-8E57-CB199EBAD92A}"
EndProject
Project("{8BC9CEB8-8B4A-11D0-8D11-00A0C91BC942}") = "HW11", "HW11\HW11.vcxproj", "{40D4C1E7-DFC0-4A85-92CC-80F9D522D26E}"
EndProject
Project("{2150E333-8FDC-42A3-9474-1A3956D46DE8}") = "HW12", "HW12", "{846B4BEE-BB50-4B47-8D33-5A0B2E682253}"
EndProject
Project("{8BC9CEB8-8B4A-11D0-8D11-00A0C91BC942}") = "HW12", "HW12\HW12.vcxproj", "{4E5F4F42-6A4F-4ECD-BD9E-1645C2BF8F56}"
EndProject
Project("{2150E333-8FDC-42A3-9474-1A3956D46DE8}") = "CL13", "CL13", "{8E876DBB-D924-4EE9-AF0C-5D341D95BF6E}"
EndProject
Project("{8BC9CEB8-8B4A-11D0-8D11-00A0C91BC942}") = "CL13", "CL13\CL13.vcxproj", "{1CBE94EE-B782-4F13-9EB8-FE3C4C655CD2}"
EndProject
Global
	GlobalSection(SolutionConfigurationPlatforms) = preSolution
		Debug|x64 = Debug|x64
		Debug|x86 = Debug|x86
		Release|x64 = Release|x64
		Release|x86 = Release|x86
	EndGlobalSection
	GlobalSection(ProjectConfigurationPlatforms) = postSolution
		{76F85E57-8152-4D41-9BB8-C771CBBE4770}.Debug|x64.ActiveCfg = Debug|x64
		{76F85E57-8152-4D41-9BB8-C771CBBE4770}.Debug|x64.Build.0 = Debug|x64
		{76F85E57-8152-4D41-9BB8-C771CBBE4770}.Debug|x86.ActiveCfg = Debug|Win32
		{76F85E57-8152-4D41-9BB8-C771CBBE4770}.Debug|x86.Build.0 = Debug|Win32
		{76F85E57-8152-4D41-9BB8-C771CBBE4770}.Release|x64.ActiveCfg = Release|x64
		{76F85E57-8152-4D41-9BB8-C771CBBE4770}.Release|x64.Build.0 = Release|x64
		{76F85E57-8152-4D41-9BB8-C771CBBE4770}.Release|x86.ActiveCfg = Release|Win32
		{76F85E57-8152-4D41-9BB8-C771CBBE4770}.Release|x86.Build.0 = Release|Win32
		{2BDF35AD-C2DD-458C-AD64-A923A592054F}.Debug|x64.ActiveCfg = Debug|x64
		{2BDF35AD-C2DD-458C-AD64-A923A592054F}.Debug|x64.Build.0 = Debug|x64
		{2BDF35AD-C2DD-458C-AD64-A923A592054F}.Debug|x86.ActiveCfg = Debug|Win32
		{2BDF35AD-C2DD-458C-AD64-A923A592054F}.Debug|x86.Build.0 = Debug|Win32
		{2BDF35AD-C2DD-458C-AD64-A923A592054F}.Release|x64.ActiveCfg = Release|x64
		{2BDF35AD-C2DD-458C-AD64-A923A592054F}.Release|x64.Build.0 = Release|x64
		{2BDF35AD-C2DD-458C-AD64-A923A592054F}.Release|x86.ActiveCfg = Release|Win32
		{2BDF35AD-C2DD-458C-AD64-A923A592054F}.Release|x86.Build.0 = Release|Win32
		{9D1DC759-B861-494A-AFA4-EA9CA0E513BC}.Debug|x64.ActiveCfg = Debug|x64
		{9D1DC759-B861-494A-AFA4-EA9CA0E513BC}.Debug|x64.Build.0 = Debug|x64
		{9D1DC759-B861-494A-AFA4-EA9CA0E513BC}.Debug|x86.ActiveCfg = Debug|Win32
		{9D1DC759-B861-494A-AFA4-EA9CA0E513BC}.Debug|x86.Build.0 = Debug|Win32
		{9D1DC759-B861-494A-AFA4-EA9CA0E513BC}.Release|x64.ActiveCfg = Release|x64
		{9D1DC759-B861-494A-AFA4-EA9CA0E513BC}.Release|x64.Build.0 = Release|x64
		{9D1DC759-B861-494A-AFA4-EA9CA0E513BC}.Release|x86.ActiveCfg = Release|Win32
		{9D1DC759-B861-494A-AFA4-EA9CA0E513BC}.Release|x86.Build.0 = Release|Win32
		{87B0AADD-0B54-477A-80D6-75727849640B}.Debug|x64.ActiveCfg = Debug|x64
		{87B0AADD-0B54-477A-80D6-75727849640B}.Debug|x64.Build.0 = Debug|x64
		{87B0AADD-0B54-477A-80D6-75727849640B}.Debug|x86.ActiveCfg = Debug|Win32
		{87B0AADD-0B54-477A-80D6-75727849640B}.Debug|x86.Build.0 = Debug|Win32
		{87B0AADD-0B54-477A-80D6-75727849640B}.Release|x64.ActiveCfg = Release|x64
		{87B0AADD-0B54-477A-80D6-75727849640B}.Release|x64.Build.0 = Release|x64
		{87B0AADD-0B54-477A-80D6-75727849640B}.Release|x86.ActiveCfg = Release|Win32
		{87B0AADD-0B54-477A-80D6-75727849640B}.Release|x86.Build.0 = Release|Win32
		{9581F2FD-A62B-4582-B3B9-6CE0DB06E416}.Debug|x64.ActiveCfg = Debug|x64
		{9581F2FD-A62B-4582-B3B9-6CE0DB06E416}.Debug|x64.Build.0 = Debug|x64
		{9581F2FD-A62B-4582-B3B9-6CE0DB06E416}.Debug|x86.ActiveCfg = Debug|Win32
		{9581F2FD-A62B-4582-B3B9-6CE0DB06E416}.Debug|x86.Build.0 = Debug|Win32
		{9581F2FD-A62B-4582-B3B9-6CE0DB06E416}.Release|x64.ActiveCfg = Release|x64
		{9581F2FD-A62B-4582-B3B9-6CE0DB06E416}.Release|x64.Build.0 = Release|x64
		{9581F2FD-A62B-4582-B3B9-6CE0DB06E416}.Release|x86.ActiveCfg = Release|Win32
		{9581F2FD-A62B-4582-B3B9-6CE0DB06E416}.Release|x86.Build.0 = Release|Win32
		{EDFA845F-0588-4550-A462-0B625CE94AE3}.Debug|x64.ActiveCfg = Debug|x64
		{EDFA845F-0588-4550-A462-0B625CE94AE3}.Debug|x64.Build.0 = Debug|x64
		{EDFA845F-0588-4550-A462-0B625CE94AE3}.Debug|x86.ActiveCfg = Debug|Win32
		{EDFA845F-0588-4550-A462-0B625CE94AE3}.Debug|x86.Build.0 = Debug|Win32
		{EDFA845F-0588-4550-A462-0B625CE94AE3}.Release|x64.ActiveCfg = Release|x64
		{EDFA845F-0588-4550-A462-0B625CE94AE3}.Release|x64.Build.0 = Release|x64
		{EDFA845F-0588-4550-A462-0B625CE94AE3}.Release|x86.ActiveCfg = Release|Win32
		{EDFA845F-0588-4550-A462-0B625CE94AE3}.Release|x86.Build.0 = Release|Win32
		{18C0B454-A114-4FFB-812F-4247178CAD4E}.Debug|x64.ActiveCfg = Debug|x64
		{18C0B454-A114-4FFB-812F-4247178CAD4E}.Debug|x64.Build.0 = Debug|x64
		{18C0B454-A114-4FFB-812F-4247178CAD4E}.Debug|x86.ActiveCfg = Debug|Win32
		{18C0B454-A114-4FFB-812F-4247178CAD4E}.Debug|x86.Build.0 = Debug|Win32
		{18C0B454-A114-4FFB-812F-4247178CAD4E}.Release|x64.ActiveCfg = Release|x64
		{18C0B454-A114-4FFB-812F-4247178CAD4E}.Release|x64.Build.0 = Release|x64
		{18C0B454-A114-4FFB-812F-4247178CAD4E}.Release|x86.ActiveCfg = Release|Win32
		{18C0B454-A114-4FFB-812F-4247178CAD4E}.Release|x86.Build.0 = Release|Win32
		{3AD3B98F-FF5B-44A3-A53D-2B5F66184EE4}.Debug|x64.ActiveCfg = Debug|x64
		{3AD3B98F-FF5B-44A3-A53D-2B5F66184EE4}.Debug|x64.Build.0 = Debug|x64
		{3AD3B98F-FF5B-44A3-A53D-2B5F66184EE4}.Debug|x86.ActiveCfg = Debug|Win32
		{3AD3B98F-FF5B-44A3-A53D-2B5F66184EE4}.Debug|x86.Build.0 = Debug|Win32
		{3AD3B98F-FF5B-44A3-A53D-2B5F66184EE4}.Release|x64.ActiveCfg = Release|x64
		{3AD3B98F-FF5B-44A3-A53D-2B5F66184EE4}.Release|x64.Build.0 = Release|x64
		{3AD3B98F-FF5B-44A3-A53D-2B5F66184EE4}.Release|x86.ActiveCfg = Release|Win32
		{3AD3B98F-FF5B-44A3-A53D-2B5F66184EE4}.Release|x86.Build.0 = Release|Win32
		{C99BB0F9-52AC-4718-927C-EAADA586C174}.Debug|x64.ActiveCfg = Debug|x64
		{C99BB0F9-52AC-4718-927C-EAADA586C174}.Debug|x64.Build.0 = Debug|x64
		{C99BB0F9-52AC-4718-927C-EAADA586C174}.Debug|x86.ActiveCfg = Debug|Win32
		{C99BB0F9-52AC-4718-927C-EAADA586C174}.Debug|x86.Build.0 = Debug|Win32
		{C99BB0F9-52AC-4718-927C-EAADA586C174}.Release|x64.ActiveCfg = Release|x64
		{C99BB0F9-52AC-4718-927C-EAADA586C174}.Release|x64.Build.0 = Release|x64
		{C99BB0F9-52AC-4718-927C-EAADA586C174}.Release|x86.ActiveCfg = Release|Win32
		{C99BB0F9-52AC-4718-927C-EAADA586C174}.Release|x86.Build.0 = Release|Win32
		{A4E9BFB5-5402-4467-8A18-4EA54CEC0868}.Debug|x64.ActiveCfg = Debug|x64
		{A4E9BFB5-5402-4467-8A18-4EA54CEC0868}.Debug|x64.Build.0 = Debug|x64
		{A4E9BFB5-5402-4467-8A18-4EA54CEC0868}.Debug|x86.ActiveCfg = Debug|Win32
		{A4E9BFB5-5402-4467-8A18-4EA54CEC0868}.Debug|x86.Build.0 = Debug|Win32
		{A4E9BFB5-5402-4467-8A18-4EA54CEC0868}.Release|x64.ActiveCfg = Release|x64
		{A4E9BFB5-5402-4467-8A18-4EA54CEC0868}.Release|x64.Build.0 = Release|x64
		{A4E9BFB5-5402-4467-8A18-4EA54CEC0868}.Release|x86.ActiveCfg = Release|Win32
		{A4E9BFB5-5402-4467-8A18-4EA54CEC0868}.Release|x86.Build.0 = Release|Win32
		{029CBCEF-DFD5-4A72-89FC-522D1EFFCC03}.Debug|x64.ActiveCfg = Debug|x64
		{029CBCEF-DFD5-4A72-89FC-522D1EFFCC03}.Debug|x64.Build.0 = Debug|x64
		{029CBCEF-DFD5-4A72-89FC-522D1EFFCC03}.Debug|x86.ActiveCfg = Debug|Win32
		{029CBCEF-DFD5-4A72-89FC-522D1EFFCC03}.Debug|x86.Build.0 = Debug|Win32
		{029CBCEF-DFD5-4A72-89FC-522D1EFFCC03}.Release|x64.ActiveCfg = Release|x64
		{029CBCEF-DFD5-4A72-89FC-522D1EFFCC03}.Release|x64.Build.0 = Release|x64
		{029CBCEF-DFD5-4A72-89FC-522D1EFFCC03}.Release|x86.ActiveCfg = Release|Win32
		{029CBCEF-DFD5-4A72-89FC-522D1EFFCC03}.Release|x86.Build.0 = Release|Win32
		{FEDBF308-3B05-490C-B333-0FBC3A2AF5D9}.Debug|x64.ActiveCfg = Debug|x64
		{FEDBF308-3B05-490C-B333-0FBC3A2AF5D9}.Debug|x64.Build.0 = Debug|x64
		{FEDBF308-3B05-490C-B333-0FBC3A2AF5D9}.Debug|x86.ActiveCfg = Debug|Win32
		{FEDBF308-3B05-490C-B333-0FBC3A2AF5D9}.Debug|x86.Build.0 = Debug|Win32
		{FEDBF308-3B05-490C-B333-0FBC3A2AF5D9}.Release|x64.ActiveCfg = Release|x64
		{FEDBF308-3B05-490C-B333-0FBC3A2AF5D9}.Release|x64.Build.0 = Release|x64
		{FEDBF308-3B05-490C-B333-0FBC3A2AF5D9}.Release|x86.ActiveCfg = Release|Win32
		{FEDBF308-3B05-490C-B333-0FBC3A2AF5D9}.Release|x86.Build.0 = Release|Win32
		{913FF149-BBFB-4A12-A3F3-5C12FF0A22CD}.Debug|x64.ActiveCfg = Debug|x64
		{913FF149-BBFB-4A12-A3F3-5C12FF0A22CD}.Debug|x64.Build.0 = Debug|x64
		{913FF149-BBFB-4A12-A3F3-5C12FF0A22CD}.Debug|x86.ActiveCfg = Debug|Win32
		{913FF149-BBFB-4A12-A3F3-5C12FF0A22CD}.Debug|x86.Build.0 = Debug|Win32
		{913FF149-BBFB-4A12-A3F3-5C12FF0A22CD}.Release|x64.ActiveCfg = Release|x64
		{913FF149-BBFB-4A12-A3F3-5C12FF0A22CD}.Release|x64.Build.0 = Release|x64
		{913FF149-BBFB-4A12-A3F3-5C12FF0A22CD}.Release|x86.ActiveCfg = Release|Win32
		{913FF149-BBFB-4A12-A3F3-5C12FF0A22CD}.Release|x86.Build.0 = Release|Win32
		{11426C3A-6DEB-4338-8E25-6FFC5882DE64}.Debug|x64.ActiveCfg = Debug|x64
		{11426C3A-6DEB-4338-8E25-6FFC5882DE64}.Debug|x64.Build.0 = Debug|x64
		{11426C3A-6DEB-4338-8E25-6FFC5882DE64}.Debug|x86.ActiveCfg = Debug|Win32
		{11426C3A-6DEB-4338-8E25-6FFC5882DE64}.Debug|x86.Build.0 = Debug|Win32
		{11426C3A-6DEB-4338-8E25-6FFC5882DE64}.Release|x64.ActiveCfg = Release|x64
		{11426C3A-6DEB-4338-8E25-6FFC5882DE64}.Release|x64.Build.0 = Release|x64
		{11426C3A-6DEB-4338-8E25-6FFC5882DE64}.Release|x86.ActiveCfg = Release|Win32
		{11426C3A-6DEB-4338-8E25-6FFC5882DE64}.Release|x86.Build.0 = Release|Win32
		{C878D3A7-7252-4CB1-B69D-FF2849ABADCF}.Debug|x64.ActiveCfg = Debug|x64
		{C878D3A7-7252-4CB1-B69D-FF2849ABADCF}.Debug|x64.Build.0 = Debug|x64
		{C878D3A7-7252-4CB1-B69D-FF2849ABADCF}.Debug|x86.ActiveCfg = Debug|Win32
		{C878D3A7-7252-4CB1-B69D-FF2849ABADCF}.Debug|x86.Build.0 = Debug|Win32
		{C878D3A7-7252-4CB1-B69D-FF2849ABADCF}.Release|x64.ActiveCfg = Release|x64
		{C878D3A7-7252-4CB1-B69D-FF2849ABADCF}.Release|x64.Build.0 = Release|x64
		{C878D3A7-7252-4CB1-B69D-FF2849ABADCF}.Release|x86.ActiveCfg = Release|Win32
		{C878D3A7-7252-4CB1-B69D-FF2849ABADCF}.Release|x86.Build.0 = Release|Win32
		{ED28BC23-D3A0-44C2-9BA9-F0B557B638CA}.Debug|x64.ActiveCfg = Debug|x64
		{ED28BC23-D3A0-44C2-9BA9-F0B557B638CA}.Debug|x64.Build.0 = Debug|x64
		{ED28BC23-D3A0-44C2-9BA9-F0B557B638CA}.Debug|x86.ActiveCfg = Debug|Win32
		{ED28BC23-D3A0-44C2-9BA9-F0B557B638CA}.Debug|x86.Build.0 = Debug|Win32
		{ED28BC23-D3A0-44C2-9BA9-F0B557B638CA}.Release|x64.ActiveCfg = Release|x64
		{ED28BC23-D3A0-44C2-9BA9-F0B557B638CA}.Release|x64.Build.0 = Release|x64
		{ED28BC23-D3A0-44C2-9BA9-F0B557B638CA}.Release|x86.ActiveCfg = Release|Win32
		{ED28BC23-D3A0-44C2-9BA9-F0B557B638CA}.Release|x86.Build.0 = Release|Win32
		{507FB11F-6477-45C6-999B-6E6FE714AB45}.Debug|x64.ActiveCfg = Debug|x64
		{507FB11F-6477-45C6-999B-6E6FE714AB45}.Debug|x64.Build.0 = Debug|x64
		{507FB11F-6477-45C6-999B-6E6FE714AB45}.Debug|x86.ActiveCfg = Debug|Win32
		{507FB11F-6477-45C6-999B-6E6FE714AB45}.Debug|x86.Build.0 = Debug|Win32
		{507FB11F-6477-45C6-999B-6E6FE714AB45}.Release|x64.ActiveCfg = Release|x64
		{507FB11F-6477-45C6-999B-6E6FE714AB45}.Release|x64.Build.0 = Release|x64
		{507FB11F-6477-45C6-999B-6E6FE714AB45}.Release|x86.ActiveCfg = Release|Win32
		{507FB11F-6477-45C6-999B-6E6FE714AB45}.Release|x86.Build.0 = Release|Win32
		{36A7E6F8-B205-4F0C-9B92-22B07733AD35}.Debug|x64.ActiveCfg = Debug|x64
		{36A7E6F8-B205-4F0C-9B92-22B07733AD35}.Debug|x64.Build.0 = Debug|x64
		{36A7E6F8-B205-4F0C-9B92-22B07733AD35}.Debug|x86.ActiveCfg = Debug|Win32
		{36A7E6F8-B205-4F0C-9B92-22B07733AD35}.Debug|x86.Build.0 = Debug|Win32
		{36A7E6F8-B205-4F0C-9B92-22B07733AD35}.Release|x64.ActiveCfg = Release|x64
		{36A7E6F8-B205-4F0C-9B92-22B07733AD35}.Release|x64.Build.0 = Release|x64
		{36A7E6F8-B205-4F0C-9B92-22B07733AD35}.Release|x86.ActiveCfg = Release|Win32
		{36A7E6F8-B205-4F0C-9B92-22B07733AD35}.Release|x86.Build.0 = Release|Win32
		{6BC9A3D2-F801-4A1E-A471-CB1EFE6597DE}.Debug|x64.ActiveCfg = Debug|x64
		{6BC9A3D2-F801-4A1E-A471-CB1EFE6597DE}.Debug|x64.Build.0 = Debug|x64
		{6BC9A3D2-F801-4A1E-A471-CB1EFE6597DE}.Debug|x86.ActiveCfg = Debug|Win32
		{6BC9A3D2-F801-4A1E-A471-CB1EFE6597DE}.Debug|x86.Build.0 = Debug|Win32
		{6BC9A3D2-F801-4A1E-A471-CB1EFE6597DE}.Release|x64.ActiveCfg = Release|x64
		{6BC9A3D2-F801-4A1E-A471-CB1EFE6597DE}.Release|x64.Build.0 = Release|x64
		{6BC9A3D2-F801-4A1E-A471-CB1EFE6597DE}.Release|x86.ActiveCfg = Release|Win32
		{6BC9A3D2-F801-4A1E-A471-CB1EFE6597DE}.Release|x86.Build.0 = Release|Win32
		{D67538D3-464A-47C9-B747-D537B72BB43E}.Debug|x64.ActiveCfg = Debug|x64
		{D67538D3-464A-47C9-B747-D537B72BB43E}.Debug|x64.Build.0 = Debug|x64
		{D67538D3-464A-47C9-B747-D537B72BB43E}.Debug|x86.ActiveCfg = Debug|Win32
		{D67538D3-464A-47C9-B747-D537B72BB43E}.Debug|x86.Build.0 = Debug|Win32
		{D67538D3-464A-47C9-B747-D537B72BB43E}.Release|x64.ActiveCfg = Release|x64
		{D67538D3-464A-47C9-B747-D537B72BB43E}.Release|x64.Build.0 = Release|x64
		{D67538D3-464A-47C9-B747-D537B72BB43E}.Release|x86.ActiveCfg = Release|Win32
		{D67538D3-464A-47C9-B747-D537B72BB43E}.Release|x86.Build.0 = Release|Win32
		{F1CA00B7-2501-4190-AE41-29E3A7EF58AD}.Debug|x64.ActiveCfg = Debug|x64
		{F1CA00B7-2501-4190-AE41-29E3A7EF58AD}.Debug|x64.Build.0 = Debug|x64
		{F1CA00B7-2501-4190-AE41-29E3A7EF58AD}.Debug|x86.ActiveCfg = Debug|Win32
		{F1CA00B7-2501-4190-AE41-29E3A7EF58AD}.Debug|x86.Build.0 = Debug|Win32
		{F1CA00B7-2501-4190-AE41-29E3A7EF58AD}.Release|x64.ActiveCfg = Release|x64
		{F1CA00B7-2501-4190-AE41-29E3A7EF58AD}.Release|x64.Build.0 = Release|x64
		{F1CA00B7-2501-4190-AE41-29E3A7EF58AD}.Release|x86.ActiveCfg = Release|Win32
		{F1CA00B7-2501-4190-AE41-29E3A7EF58AD}.Release|x86.Build.0 = Release|Win32
		{2005BC5C-D770-4ED0-8D98-963DA35E43A0}.Debug|x64.ActiveCfg = Debug|x64
		{2005BC5C-D770-4ED0-8D98-963DA35E43A0}.Debug|x64.Build.0 = Debug|x64
		{2005BC5C-D770-4ED0-8D98-963DA35E43A0}.Debug|x86.ActiveCfg = Debug|Win32
		{2005BC5C-D770-4ED0-8D98-963DA35E43A0}.Debug|x86.Build.0 = Debug|Win32
		{2005BC5C-D770-4ED0-8D98-963DA35E43A0}.Release|x64.ActiveCfg = Release|x64
		{2005BC5C-D770-4ED0-8D98-963DA35E43A0}.Release|x64.Build.0 = Release|x64
		{2005BC5C-D770-4ED0-8D98-963DA35E43A0}.Release|x86.ActiveCfg = Release|Win32
		{2005BC5C-D770-4ED0-8D98-963DA35E43A0}.Release|x86.Build.0 = Release|Win32
		{1900E37D-63CA-4AA0-A668-00FF27A1C769}.Debug|x64.ActiveCfg = Debug|x64
		{1900E37D-63CA-4AA0-A668-00FF27A1C769}.Debug|x64.Build.0 = Debug|x64
		{1900E37D-63CA-4AA0-A668-00FF27A1C769}.Debug|x86.ActiveCfg = Debug|Win32
		{1900E37D-63CA-4AA0-A668-00FF27A1C769}.Debug|x86.Build.0 = Debug|Win32
		{1900E37D-63CA-4AA0-A668-00FF27A1C769}.Release|x64.ActiveCfg = Release|x64
		{1900E37D-63CA-4AA0-A668-00FF27A1C769}.Release|x64.Build.0 = Release|x64
		{1900E37D-63CA-4AA0-A668-00FF27A1C769}.Release|x86.ActiveCfg = Release|Win32
		{1900E37D-63CA-4AA0-A668-00FF27A1C769}.Release|x86.Build.0 = Release|Win32
		{F171B1B9-B209-4170-8DD8-241BFFEE685C}.Debug|x64.ActiveCfg = Debug|x64
		{F171B1B9-B209-4170-8DD8-241BFFEE685C}.Debug|x64.Build.0 = Debug|x64
		{F171B1B9-B209-4170-8DD8-241BFFEE685C}.Debug|x86.ActiveCfg = Debug|Win32
		{F171B1B9-B209-4170-8DD8-241BFFEE685C}.Debug|x86.Build.0 = Debug|Win32
		{F171B1B9-B209-4170-8DD8-241BFFEE685C}.Release|x64.ActiveCfg = Release|x64
		{F171B1B9-B209-4170-8DD8-241BFFEE685C}.Release|x64.Build.0 = Release|x64
		{F171B1B9-B209-4170-8DD8-241BFFEE685C}.Release|x86.ActiveCfg = Release|Win32
		{F171B1B9-B209-4170-8DD8-241BFFEE685C}.Release|x86.Build.0 = Release|Win32
		{3F420781-E215-47B6-A0E3-DDC528EFB52B}.Debug|x64.ActiveCfg = Debug|x64
		{3F420781-E215-47B6-A0E3-DDC528EFB52B}.Debug|x64.Build.0 = Debug|x64
		{3F420781-E215-47B6-A0E3-DDC528EFB52B}.Debug|x86.ActiveCfg = Debug|Win32
		{3F420781-E215-47B6-A0E3-DDC528EFB52B}.Debug|x86.Build.0 = Debug|Win32
		{3F420781-E215-47B6-A0E3-DDC528EFB52B}.Release|x64.ActiveCfg = Release|x64
		{3F420781-E215-47B6-A0E3-DDC528EFB52B}.Release|x64.Build.0 = Release|x64
		{3F420781-E215-47B6-A0E3-DDC528EFB52B}.Release|x86.ActiveCfg = Release|Win32
		{3F420781-E215-47B6-A0E3-DDC528EFB52B}.Release|x86.Build.0 = Release|Win32
		{12B4A0C5-FEF8-4338-800C-FD24CFE2BEA9}.Debug|x64.ActiveCfg = Debug|x64
		{12B4A0C5-FEF8-4338-800C-FD24CFE2BEA9}.Debug|x64.Build.0 = Debug|x64
		{12B4A0C5-FEF8-4338-800C-FD24CFE2BEA9}.Debug|x86.ActiveCfg = Debug|Win32
		{12B4A0C5-FEF8-4338-800C-FD24CFE2BEA9}.Debug|x86.Build.0 = Debug|Win32
		{12B4A0C5-FEF8-4338-800C-FD24CFE2BEA9}.Release|x64.ActiveCfg = Release|x64
		{12B4A0C5-FEF8-4338-800C-FD24CFE2BEA9}.Release|x64.Build.0 = Release|x64
		{12B4A0C5-FEF8-4338-800C-FD24CFE2BEA9}.Release|x86.ActiveCfg = Release|Win32
		{12B4A0C5-FEF8-4338-800C-FD24CFE2BEA9}.Release|x86.Build.0 = Release|Win32
		{49FA9549-9787-42C7-BF5B-7479AB554FAA}.Debug|x64.ActiveCfg = Debug|x64
		{49FA9549-9787-42C7-BF5B-7479AB554FAA}.Debug|x64.Build.0 = Debug|x64
		{49FA9549-9787-42C7-BF5B-7479AB554FAA}.Debug|x86.ActiveCfg = Debug|Win32
		{49FA9549-9787-42C7-BF5B-7479AB554FAA}.Debug|x86.Build.0 = Debug|Win32
		{49FA9549-9787-42C7-BF5B-7479AB554FAA}.Release|x64.ActiveCfg = Release|x64
		{49FA9549-9787-42C7-BF5B-7479AB554FAA}.Release|x64.Build.0 = Release|x64
		{49FA9549-9787-42C7-BF5B-7479AB554FAA}.Release|x86.ActiveCfg = Release|Win32
		{49FA9549-9787-42C7-BF5B-7479AB554FAA}.Release|x86.Build.0 = Release|Win32
		{6881D1DB-3649-489C-9AA8-490D0CFC7907}.Debug|x64.ActiveCfg = Debug|x64
		{6881D1DB-3649-489C-9AA8-490D0CFC7907}.Debug|x64.Build.0 = Debug|x64
		{6881D1DB-3649-489C-9AA8-490D0CFC7907}.Debug|x86.ActiveCfg = Debug|Win32
		{6881D1DB-3649-489C-9AA8-490D0CFC7907}.Debug|x86.Build.0 = Debug|Win32
		{6881D1DB-3649-489C-9AA8-490D0CFC7907}.Release|x64.ActiveCfg = Release|x64
		{6881D1DB-3649-489C-9AA8-490D0CFC7907}.Release|x64.Build.0 = Release|x64
		{6881D1DB-3649-489C-9AA8-490D0CFC7907}.Release|x86.ActiveCfg = Release|Win32
		{6881D1DB-3649-489C-9AA8-490D0CFC7907}.Release|x86.Build.0 = Release|Win32
		{3FB58DD3-2DE7-41E3-A154-28FCE7A48C65}.Debug|x64.ActiveCfg = Debug|x64
		{3FB58DD3-2DE7-41E3-A154-28FCE7A48C65}.Debug|x64.Build.0 = Debug|x64
		{3FB58DD3-2DE7-41E3-A154-28FCE7A48C65}.Debug|x86.ActiveCfg = Debug|Win32
		{3FB58DD3-2DE7-41E3-A154-28FCE7A48C65}.Debug|x86.Build.0 = Debug|Win32
		{3FB58DD3-2DE7-41E3-A154-28FCE7A48C65}.Release|x64.ActiveCfg = Release|x64
		{3FB58DD3-2DE7-41E3-A154-28FCE7A48C65}.Release|x64.Build.0 = Release|x64
		{3FB58DD3-2DE7-41E3-A154-28FCE7A48C65}.Release|x86.ActiveCfg = Release|Win32
		{3FB58DD3-2DE7-41E3-A154-28FCE7A48C65}.Release|x86.Build.0 = Release|Win32
		{5DCFC787-F53F-484C-8EB5-B56F70C623E9}.Debug|x64.ActiveCfg = Debug|x64
		{5DCFC787-F53F-484C-8EB5-B56F70C623E9}.Debug|x64.Build.0 = Debug|x64
		{5DCFC787-F53F-484C-8EB5-B56F70C623E9}.Debug|x86.ActiveCfg = Debug|Win32
		{5DCFC787-F53F-484C-8EB5-B56F70C623E9}.Debug|x86.Build.0 = Debug|Win32
		{5DCFC787-F53F-484C-8EB5-B56F70C623E9}.Release|x64.ActiveCfg = Release|x64
		{5DCFC787-F53F-484C-8EB5-B56F70C623E9}.Release|x64.Build.0 = Release|x64
		{5DCFC787-F53F-484C-8EB5-B56F70C623E9}.Release|x86.ActiveCfg = Release|Win32
		{5DCFC787-F53F-484C-8EB5-B56F70C623E9}.Release|x86.Build.0 = Release|Win32
		{6990B736-110E-4F87-9790-BE97D515473C}.Debug|x64.ActiveCfg = Debug|x64
		{6990B736-110E-4F87-9790-BE97D515473C}.Debug|x64.Build.0 = Debug|x64
		{6990B736-110E-4F87-9790-BE97D515473C}.Debug|x86.ActiveCfg = Debug|Win32
		{6990B736-110E-4F87-9790-BE97D515473C}.Debug|x86.Build.0 = Debug|Win32
		{6990B736-110E-4F87-9790-BE97D515473C}.Release|x64.ActiveCfg = Release|x64
		{6990B736-110E-4F87-9790-BE97D515473C}.Release|x64.Build.0 = Release|x64
		{6990B736-110E-4F87-9790-BE97D515473C}.Release|x86.ActiveCfg = Release|Win32
		{6990B736-110E-4F87-9790-BE97D515473C}.Release|x86.Build.0 = Release|Win32
		{67397BCA-AAB6-4257-9692-17124DD60C67}.Debug|x64.ActiveCfg = Debug|x64
		{67397BCA-AAB6-4257-9692-17124DD60C67}.Debug|x64.Build.0 = Debug|x64
		{67397BCA-AAB6-4257-9692-17124DD60C67}.Debug|x86.ActiveCfg = Debug|Win32
		{67397BCA-AAB6-4257-9692-17124DD60C67}.Debug|x86.Build.0 = Debug|Win32
		{67397BCA-AAB6-4257-9692-17124DD60C67}.Release|x64.ActiveCfg = Release|x64
		{67397BCA-AAB6-4257-9692-17124DD60C67}.Release|x64.Build.0 = Release|x64
		{67397BCA-AAB6-4257-9692-17124DD60C67}.Release|x86.ActiveCfg = Release|Win32
		{67397BCA-AAB6-4257-9692-17124DD60C67}.Release|x86.Build.0 = Release|Win32
		{68B9B89F-C493-4642-A689-2BE1C890E637}.Debug|x64.ActiveCfg = Debug|x64
		{68B9B89F-C493-4642-A689-2BE1C890E637}.Debug|x64.Build.0 = Debug|x64
		{68B9B89F-C493-4642-A689-2BE1C890E637}.Debug|x86.ActiveCfg = Debug|Win32
		{68B9B89F-C493-4642-A689-2BE1C890E637}.Debug|x86.Build.0 = Debug|Win32
		{68B9B89F-C493-4642-A689-2BE1C890E637}.Release|x64.ActiveCfg = Release|x64
		{68B9B89F-C493-4642-A689-2BE1C890E637}.Release|x64.Build.0 = Release|x64
		{68B9B89F-C493-4642-A689-2BE1C890E637}.Release|x86.ActiveCfg = Release|Win32
		{68B9B89F-C493-4642-A689-2BE1C890E637}.Release|x86.Build.0 = Release|Win32
		{CBE8DFBF-CDB6-4BD2-B9A7-DB243413619C}.Debug|x64.ActiveCfg = Debug|x64
		{CBE8DFBF-CDB6-4BD2-B9A7-DB243413619C}.Debug|x64.Build.0 = Debug|x64
		{CBE8DFBF-CDB6-4BD2-B9A7-DB243413619C}.Debug|x86.ActiveCfg = Debug|Win32
		{CBE8DFBF-CDB6-4BD2-B9A7-DB243413619C}.Debug|x86.Build.0 = Debug|Win32
		{CBE8DFBF-CDB6-4BD2-B9A7-DB243413619C}.Release|x64.ActiveCfg = Release|x64
		{CBE8DFBF-CDB6-4BD2-B9A7-DB243413619C}.Release|x64.Build.0 = Release|x64
		{CBE8DFBF-CDB6-4BD2-B9A7-DB243413619C}.Release|x86.ActiveCfg = Release|Win32
		{CBE8DFBF-CDB6-4BD2-B9A7-DB243413619C}.Release|x86.Build.0 = Release|Win32
		{91FF6925-025A-4F08-B5EF-93CBD9131A33}.Debug|x64.ActiveCfg = Debug|x64
		{91FF6925-025A-4F08-B5EF-93CBD9131A33}.Debug|x64.Build.0 = Debug|x64
		{91FF6925-025A-4F08-B5EF-93CBD9131A33}.Debug|x86.ActiveCfg = Debug|Win32
		{91FF6925-025A-4F08-B5EF-93CBD9131A33}.Debug|x86.Build.0 = Debug|Win32
		{91FF6925-025A-4F08-B5EF-93CBD9131A33}.Release|x64.ActiveCfg = Release|x64
		{91FF6925-025A-4F08-B5EF-93CBD9131A33}.Release|x64.Build.0 = Release|x64
		{91FF6925-025A-4F08-B5EF-93CBD9131A33}.Release|x86.ActiveCfg = Release|Win32
		{91FF6925-025A-4F08-B5EF-93CBD9131A33}.Release|x86.Build.0 = Release|Win32
		{4221B4C4-AC63-47AF-A7CE-1F2C212469C0}.Debug|x64.ActiveCfg = Debug|x64
		{4221B4C4-AC63-47AF-A7CE-1F2C212469C0}.Debug|x64.Build.0 = Debug|x64
		{4221B4C4-AC63-47AF-A7CE-1F2C212469C0}.Debug|x86.ActiveCfg = Debug|Win32
		{4221B4C4-AC63-47AF-A7CE-1F2C212469C0}.Debug|x86.Build.0 = Debug|Win32
		{4221B4C4-AC63-47AF-A7CE-1F2C212469C0}.Release|x64.ActiveCfg = Release|x64
		{4221B4C4-AC63-47AF-A7CE-1F2C212469C0}.Release|x64.Build.0 = Release|x64
		{4221B4C4-AC63-47AF-A7CE-1F2C212469C0}.Release|x86.ActiveCfg = Release|Win32
		{4221B4C4-AC63-47AF-A7CE-1F2C212469C0}.Release|x86.Build.0 = Release|Win32
		{15A1DFBF-FC42-402D-A6F0-AA20B150E3E4}.Debug|x64.ActiveCfg = Debug|x64
		{15A1DFBF-FC42-402D-A6F0-AA20B150E3E4}.Debug|x64.Build.0 = Debug|x64
		{15A1DFBF-FC42-402D-A6F0-AA20B150E3E4}.Debug|x86.ActiveCfg = Debug|Win32
		{15A1DFBF-FC42-402D-A6F0-AA20B150E3E4}.Debug|x86.Build.0 = Debug|Win32
		{15A1DFBF-FC42-402D-A6F0-AA20B150E3E4}.Release|x64.ActiveCfg = Release|x64
		{15A1DFBF-FC42-402D-A6F0-AA20B150E3E4}.Release|x64.Build.0 = Release|x64
		{15A1DFBF-FC42-402D-A6F0-AA20B150E3E4}.Release|x86.ActiveCfg = Release|Win32
		{15A1DFBF-FC42-402D-A6F0-AA20B150E3E4}.Release|x86.Build.0 = Release|Win32
		{D3090110-FED8-40BA-AF85-5B0A0E48976F}.Debug|x64.ActiveCfg = Debug|x64
		{D3090110-FED8-40BA-AF85-5B0A0E48976F}.Debug|x64.Build.0 = Debug|x64
		{D3090110-FED8-40BA-AF85-5B0A0E48976F}.Debug|x86.ActiveCfg = Debug|Win32
		{D3090110-FED8-40BA-AF85-5B0A0E48976F}.Debug|x86.Build.0 = Debug|Win32
		{D3090110-FED8-40BA-AF85-5B0A0E48976F}.Release|x64.ActiveCfg = Release|x64
		{D3090110-FED8-40BA-AF85-5B0A0E48976F}.Release|x64.Build.0 = Release|x64
		{D3090110-FED8-40BA-AF85-5B0A0E48976F}.Release|x86.ActiveCfg = Release|Win32
		{D3090110-FED8-40BA-AF85-5B0A0E48976F}.Release|x86.Build.0 = Release|Win32
		{816BE89E-AA0E-4131-B953-34D5D6655324}.Debug|x64.ActiveCfg = Debug|x64
		{816BE89E-AA0E-4131-B953-34D5D6655324}.Debug|x64.Build.0 = Debug|x64
		{816BE89E-AA0E-4131-B953-34D5D6655324}.Debug|x86.ActiveCfg = Debug|Win32
		{816BE89E-AA0E-4131-B953-34D5D6655324}.Debug|x86.Build.0 = Debug|Win32
		{816BE89E-AA0E-4131-B953-34D5D6655324}.Release|x64.ActiveCfg = Release|x64
		{816BE89E-AA0E-4131-B953-34D5D6655324}.Release|x64.Build.0 = Release|x64
		{816BE89E-AA0E-4131-B953-34D5D6655324}.Release|x86.ActiveCfg = Release|Win32
		{816BE89E-AA0E-4131-B953-34D5D6655324}.Release|x86.Build.0 = Release|Win32
		{FEAA830C-61E3-4E68-A1E8-86AD73887BB3}.Debug|x64.ActiveCfg = Debug|x64
		{FEAA830C-61E3-4E68-A1E8-86AD73887BB3}.Debug|x64.Build.0 = Debug|x64
		{FEAA830C-61E3-4E68-A1E8-86AD73887BB3}.Debug|x86.ActiveCfg = Debug|Win32
		{FEAA830C-61E3-4E68-A1E8-86AD73887BB3}.Debug|x86.Build.0 = Debug|Win32
		{FEAA830C-61E3-4E68-A1E8-86AD73887BB3}.Release|x64.ActiveCfg = Release|x64
		{FEAA830C-61E3-4E68-A1E8-86AD73887BB3}.Release|x64.Build.0 = Release|x64
		{FEAA830C-61E3-4E68-A1E8-86AD73887BB3}.Release|x86.ActiveCfg = Release|Win32
		{FEAA830C-61E3-4E68-A1E8-86AD73887BB3}.Release|x86.Build.0 = Release|Win32
		{CF6B0DA7-5E64-406D-B5F1-59EE495B42F2}.Debug|x64.ActiveCfg = Debug|x64
		{CF6B0DA7-5E64-406D-B5F1-59EE495B42F2}.Debug|x64.Build.0 = Debug|x64
		{CF6B0DA7-5E64-406D-B5F1-59EE495B42F2}.Debug|x86.ActiveCfg = Debug|Win32
		{CF6B0DA7-5E64-406D-B5F1-59EE495B42F2}.Debug|x86.Build.0 = Debug|Win32
		{CF6B0DA7-5E64-406D-B5F1-59EE495B42F2}.Release|x64.ActiveCfg = Release|x64
		{CF6B0DA7-5E64-406D-B5F1-59EE495B42F2}.Release|x64.Build.0 = Release|x64
		{CF6B0DA7-5E64-406D-B5F1-59EE495B42F2}.Release|x86.ActiveCfg = Release|Win32
		{CF6B0DA7-5E64-406D-B5F1-59EE495B42F2}.Release|x86.Build.0 = Release|Win32
		{C2DE67E0-7DC8-4A4B-9E31-063C0B0B9AE1}.Debug|x64.ActiveCfg = Debug|x64
		{C2DE67E0-7DC8-4A4B-9E31-063C0B0B9AE1}.Debug|x64.Build.0 = Debug|x64
		{C2DE67E0-7DC8-4A4B-9E31-063C0B0B9AE1}.Debug|x86.ActiveCfg = Debug|Win32
		{C2DE67E0-7DC8-4A4B-9E31-063C0B0B9AE1}.Debug|x86.Build.0 = Debug|Win32
		{C2DE67E0-7DC8-4A4B-9E31-063C0B0B9AE1}.Release|x64.ActiveCfg = Release|x64
		{C2DE67E0-7DC8-4A4B-9E31-063C0B0B9AE1}.Release|x64.Build.0 = Release|x64
		{C2DE67E0-7DC8-4A4B-9E31-063C0B0B9AE1}.Release|x86.ActiveCfg = Release|Win32
		{C2DE67E0-7DC8-4A4B-9E31-063C0B0B9AE1}.Release|x86.Build.0 = Release|Win32
		{8D9B1194-9A89-4624-B11B-F4D5C806C16E}.Debug|x64.ActiveCfg = Debug|x64
		{8D9B1194-9A89-4624-B11B-F4D5C806C16E}.Debug|x64.Build.0 = Debug|x64
		{8D9B1194-9A89-4624-B11B-F4D5C806C16E}.Debug|x86.ActiveCfg = Debug|Win32
		{8D9B1194-9A89-4624-B11B-F4D5C806C16E}.Debug|x86.Build.0 = Debug|Win32
		{8D9B1194-9A89-4624-B11B-F4D5C806C16E}.Release|x64.ActiveCfg = Release|x64
		{8D9B1194-9A89-4624-B11B-F4D5C806C16E}.Release|x64.Build.0 = Release|x64
		{8D9B1194-9A89-4624-B11B-F4D5C806C16E}.Release|x86.ActiveCfg = Release|Win32
		{8D9B1194-9A89-4624-B11B-F4D5C806C16E}.Release|x86.Build.0 = Release|Win32
		{D0DD64F7-0585-4357-ABA5-460AFAC342F1}.Debug|x64.ActiveCfg = Debug|x64
		{D0DD64F7-0585-4357-ABA5-460AFAC342F1}.Debug|x64.Build.0 = Debug|x64
		{D0DD64F7-0585-4357-ABA5-460AFAC342F1}.Debug|x86.ActiveCfg = Debug|Win32
		{D0DD64F7-0585-4357-ABA5-460AFAC342F1}.Debug|x86.Build.0 = Debug|Win32
		{D0DD64F7-0585-4357-ABA5-460AFAC342F1}.Release|x64.ActiveCfg = Release|x64
		{D0DD64F7-0585-4357-ABA5-460AFAC342F1}.Release|x64.Build.0 = Release|x64
		{D0DD64F7-0585-4357-ABA5-460AFAC342F1}.Release|x86.ActiveCfg = Release|Win32
		{D0DD64F7-0585-4357-ABA5-460AFAC342F1}.Release|x86.Build.0 = Release|Win32
		{93349DA6-74F4-4AA2-AC98-7451DA4DEAA6}.Debug|x64.ActiveCfg = Debug|x64
		{93349DA6-74F4-4AA2-AC98-7451DA4DEAA6}.Debug|x64.Build.0 = Debug|x64
		{93349DA6-74F4-4AA2-AC98-7451DA4DEAA6}.Debug|x86.ActiveCfg = Debug|Win32
		{93349DA6-74F4-4AA2-AC98-7451DA4DEAA6}.Debug|x86.Build.0 = Debug|Win32
		{93349DA6-74F4-4AA2-AC98-7451DA4DEAA6}.Release|x64.ActiveCfg = Release|x64
		{93349DA6-74F4-4AA2-AC98-7451DA4DEAA6}.Release|x64.Build.0 = Release|x64
		{93349DA6-74F4-4AA2-AC98-7451DA4DEAA6}.Release|x86.ActiveCfg = Release|Win32
		{93349DA6-74F4-4AA2-AC98-7451DA4DEAA6}.Release|x86.Build.0 = Release|Win32
		{D4AF8288-56B3-4A69-94AD-BD7B3760A1F0}.Debug|x64.ActiveCfg = Debug|x64
		{D4AF8288-56B3-4A69-94AD-BD7B3760A1F0}.Debug|x64.Build.0 = Debug|x64
		{D4AF8288-56B3-4A69-94AD-BD7B3760A1F0}.Debug|x86.ActiveCfg = Debug|Win32
		{D4AF8288-56B3-4A69-94AD-BD7B3760A1F0}.Debug|x86.Build.0 = Debug|Win32
		{D4AF8288-56B3-4A69-94AD-BD7B3760A1F0}.Release|x64.ActiveCfg = Release|x64
		{D4AF8288-56B3-4A69-94AD-BD7B3760A1F0}.Release|x64.Build.0 = Release|x64
		{D4AF8288-56B3-4A69-94AD-BD7B3760A1F0}.Release|x86.ActiveCfg = Release|Win32
		{D4AF8288-56B3-4A69-94AD-BD7B3760A1F0}.Release|x86.Build.0 = Release|Win32
		{A408D1D1-ED64-4B82-85D7-2C53CFACD035}.Debug|x64.ActiveCfg = Debug|x64
		{A408D1D1-ED64-4B82-85D7-2C53CFACD035}.Debug|x64.Build.0 = Debug|x64
		{A408D1D1-ED64-4B82-85D7-2C53CFACD035}.Debug|x86.ActiveCfg = Debug|Win32
		{A408D1D1-ED64-4B82-85D7-2C53CFACD035}.Debug|x86.Build.0 = Debug|Win32
		{A408D1D1-ED64-4B82-85D7-2C53CFACD035}.Release|x64.ActiveCfg = Release|x64
		{A408D1D1-ED64-4B82-85D7-2C53CFACD035}.Release|x64.Build.0 = Release|x64
		{A408D1D1-ED64-4B82-85D7-2C53CFACD035}.Release|x86.ActiveCfg = Release|Win32
		{A408D1D1-ED64-4B82-85D7-2C53CFACD035}.Release|x86.Build.0 = Release|Win32
		{89C9B2F9-0AEB-424F-86D2-9FD159BE7542}.Debug|x64.ActiveCfg = Debug|x64
		{89C9B2F9-0AEB-424F-86D2-9FD159BE7542}.Debug|x64.Build.0 = Debug|x64
		{89C9B2F9-0AEB-424F-86D2-9FD159BE7542}.Debug|x86.ActiveCfg = Debug|Win32
		{89C9B2F9-0AEB-424F-86D2-9FD159BE7542}.Debug|x86.Build.0 = Debug|Win32
		{89C9B2F9-0AEB-424F-86D2-9FD159BE7542}.Release|x64.ActiveCfg = Release|x64
		{89C9B2F9-0AEB-424F-86D2-9FD159BE7542}.Release|x64.Build.0 = Release|x64
		{89C9B2F9-0AEB-424F-86D2-9FD159BE7542}.Release|x86.ActiveCfg = Release|Win32
		{89C9B2F9-0AEB-424F-86D2-9FD159BE7542}.Release|x86.Build.0 = Release|Win32
		{5C74C379-1ADF-4BAA-8F26-E2FE35A11965}.Debug|x64.ActiveCfg = Debug|x64
		{5C74C379-1ADF-4BAA-8F26-E2FE35A11965}.Debug|x64.Build.0 = Debug|x64
		{5C74C379-1ADF-4BAA-8F26-E2FE35A11965}.Debug|x86.ActiveCfg = Debug|Win32
		{5C74C379-1ADF-4BAA-8F26-E2FE35A11965}.Debug|x86.Build.0 = Debug|Win32
		{5C74C379-1ADF-4BAA-8F26-E2FE35A11965}.Release|x64.ActiveCfg = Release|x64
		{5C74C379-1ADF-4BAA-8F26-E2FE35A11965}.Release|x64.Build.0 = Release|x64
		{5C74C379-1ADF-4BAA-8F26-E2FE35A11965}.Release|x86.ActiveCfg = Release|Win32
		{5C74C379-1ADF-4BAA-8F26-E2FE35A11965}.Release|x86.Build.0 = Release|Win32
		{2A5D5FCC-8252-4F98-B90F-B505A84804F4}.Debug|x64.ActiveCfg = Debug|x64
		{2A5D5FCC-8252-4F98-B90F-B505A84804F4}.Debug|x64.Build.0 = Debug|x64
		{2A5D5FCC-8252-4F98-B90F-B505A84804F4}.Debug|x86.ActiveCfg = Debug|Win32
		{2A5D5FCC-8252-4F98-B90F-B505A84804F4}.Debug|x86.Build.0 = Debug|Win32
		{2A5D5FCC-8252-4F98-B90F-B505A84804F4}.Release|x64.ActiveCfg = Release|x64
		{2A5D5FCC-8252-4F98-B90F-B505A84804F4}.Release|x64.Build.0 = Release|x64
		{2A5D5FCC-8252-4F98-B90F-B505A84804F4}.Release|x86.ActiveCfg = Release|Win32
		{2A5D5FCC-8252-4F98-B90F-B505A84804F4}.Release|x86.Build.0 = Release|Win32
		{40D4C1E7-DFC0-4A85-92CC-80F9D522D26E}.Debug|x64.ActiveCfg = Debug|x64
		{40D4C1E7-DFC0-4A85-92CC-80F9D522D26E}.Debug|x64.Build.0 = Debug|x64
		{40D4C1E7-DFC0-4A85-92CC-80F9D522D26E}.Debug|x86.ActiveCfg = Debug|Win32
		{40D4C1E7-DFC0-4A85-92CC-80F9D522D26E}.Debug|x86.Build.0 = Debug|Win32
		{40D4C1E7-DFC0-4A85-92CC-80F9D522D26E}.Release|x64.ActiveCfg = Release|x64
		{40D4C1E7-DFC0-4A85-92CC-80F9D522D26E}.Release|x64.Build.0 = Release|x64
		{40D4C1E7-DFC0-4A85-92CC-80F9D522D26E}.Release|x86.ActiveCfg = Release|Win32
		{40D4C1E7-DFC0-4A85-92CC-80F9D522D26E}.Release|x86.Build.0 = Release|Win32
		{4E5F4F42-6A4F-4ECD-BD9E-1645C2BF8F56}.Debug|x64.ActiveCfg = Debug|x64
		{4E5F4F42-6A4F-4ECD-BD9E-1645C2BF8F56}.Debug|x64.Build.0 = Debug|x64
		{4E5F4F42-6A4F-4ECD-BD9E-1645C2BF8F56}.Debug|x86.ActiveCfg = Debug|Win32
		{4E5F4F42-6A4F-4ECD-BD9E-1645C2BF8F56}.Debug|x86.Build.0 = Debug|Win32
		{4E5F4F42-6A4F-4ECD-BD9E-1645C2BF8F56}.Release|x64.ActiveCfg = Release|x64
		{4E5F4F42-6A4F-4ECD-BD9E-1645C2BF8F56}.Release|x64.Build.0 = Release|x64
		{4E5F4F42-6A4F-4ECD-BD9E-1645C2BF8F56}.Release|x86.ActiveCfg = Release|Win32
		{4E5F4F42-6A4F-4ECD-BD9E-1645C2BF8F56}.Release|x86.Build.0 = Release|Win32
		{1CBE94EE-B782-4F13-9EB8-FE3C4C655CD2}.Debug|x64.ActiveCfg = Debug|x64
		{1CBE94EE-B782-4F13-9EB8-FE3C4C655CD2}.Debug|x64.Build.0 = Debug|x64
		{1CBE94EE-B782-4F13-9EB8-FE3C4C655CD2}.Debug|x86.ActiveCfg = Debug|Win32
		{1CBE94EE-B782-4F13-9EB8-FE3C4C655CD2}.Debug|x86.Build.0 = Debug|Win32
		{1CBE94EE-B782-4F13-9EB8-FE3C4C655CD2}.Release|x64.ActiveCfg = Release|x64
		{1CBE94EE-B782-4F13-9EB8-FE3C4C655CD2}.Release|x64.Build.0 = Release|x64
		{1CBE94EE-B782-4F13-9EB8-FE3C4C655CD2}.Release|x86.ActiveCfg = Release|Win32
		{1CBE94EE-B782-4F13-9EB8-FE3C4C655CD2}.Release|x86.Build.0 = Release|Win32
	EndGlobalSection
	GlobalSection(SolutionProperties) = preSolution
		HideSolutionNode = FALSE
	EndGlobalSection
	GlobalSection(NestedProjects) = preSolution
		{76F85E57-8152-4D41-9BB8-C771CBBE4770} = {91714BD4-994E-4EFC-BE32-E5480CBC6FAB}
		{91714BD4-994E-4EFC-BE32-E5480CBC6FAB} = {D8DC44F7-4792-40F9-AAFE-0257EEB5CA8B}
		{8DDE2DFA-E680-4CE8-B64D-5F4C75700C5D} = {D8DC44F7-4792-40F9-AAFE-0257EEB5CA8B}
		{2BDF35AD-C2DD-458C-AD64-A923A592054F} = {8DDE2DFA-E680-4CE8-B64D-5F4C75700C5D}
		{9D1DC759-B861-494A-AFA4-EA9CA0E513BC} = {8DDE2DFA-E680-4CE8-B64D-5F4C75700C5D}
		{87B0AADD-0B54-477A-80D6-75727849640B} = {8DDE2DFA-E680-4CE8-B64D-5F4C75700C5D}
		{9581F2FD-A62B-4582-B3B9-6CE0DB06E416} = {8DDE2DFA-E680-4CE8-B64D-5F4C75700C5D}
		{3040ADC4-9259-4EA0-ADC6-C0826E6EE531} = {D8DC44F7-4792-40F9-AAFE-0257EEB5CA8B}
		{EDFA845F-0588-4550-A462-0B625CE94AE3} = {3040ADC4-9259-4EA0-ADC6-C0826E6EE531}
		{B41B784E-3E0A-471F-A65B-05C905AF9ADC} = {D8DC44F7-4792-40F9-AAFE-0257EEB5CA8B}
		{18C0B454-A114-4FFB-812F-4247178CAD4E} = {B41B784E-3E0A-471F-A65B-05C905AF9ADC}
		{3AD3B98F-FF5B-44A3-A53D-2B5F66184EE4} = {B41B784E-3E0A-471F-A65B-05C905AF9ADC}
		{C99BB0F9-52AC-4718-927C-EAADA586C174} = {B41B784E-3E0A-471F-A65B-05C905AF9ADC}
		{A4E9BFB5-5402-4467-8A18-4EA54CEC0868} = {B41B784E-3E0A-471F-A65B-05C905AF9ADC}
		{029CBCEF-DFD5-4A72-89FC-522D1EFFCC03} = {B41B784E-3E0A-471F-A65B-05C905AF9ADC}
		{FEDBF308-3B05-490C-B333-0FBC3A2AF5D9} = {B41B784E-3E0A-471F-A65B-05C905AF9ADC}
		{913FF149-BBFB-4A12-A3F3-5C12FF0A22CD} = {B41B784E-3E0A-471F-A65B-05C905AF9ADC}
		{11426C3A-6DEB-4338-8E25-6FFC5882DE64} = {B41B784E-3E0A-471F-A65B-05C905AF9ADC}
		{C878D3A7-7252-4CB1-B69D-FF2849ABADCF} = {B41B784E-3E0A-471F-A65B-05C905AF9ADC}
		{ED28BC23-D3A0-44C2-9BA9-F0B557B638CA} = {B41B784E-3E0A-471F-A65B-05C905AF9ADC}
		{507FB11F-6477-45C6-999B-6E6FE714AB45} = {B41B784E-3E0A-471F-A65B-05C905AF9ADC}
		{36A7E6F8-B205-4F0C-9B92-22B07733AD35} = {B41B784E-3E0A-471F-A65B-05C905AF9ADC}
		{6BC9A3D2-F801-4A1E-A471-CB1EFE6597DE} = {B41B784E-3E0A-471F-A65B-05C905AF9ADC}
		{D67538D3-464A-47C9-B747-D537B72BB43E} = {B41B784E-3E0A-471F-A65B-05C905AF9ADC}
		{F1CA00B7-2501-4190-AE41-29E3A7EF58AD} = {B41B784E-3E0A-471F-A65B-05C905AF9ADC}
		{2005BC5C-D770-4ED0-8D98-963DA35E43A0} = {B41B784E-3E0A-471F-A65B-05C905AF9ADC}
		{83FD2ACE-5FFC-4AB3-A764-623F390A7A40} = {D8DC44F7-4792-40F9-AAFE-0257EEB5CA8B}
		{1900E37D-63CA-4AA0-A668-00FF27A1C769} = {83FD2ACE-5FFC-4AB3-A764-623F390A7A40}
		{F171B1B9-B209-4170-8DD8-241BFFEE685C} = {83FD2ACE-5FFC-4AB3-A764-623F390A7A40}
		{3F420781-E215-47B6-A0E3-DDC528EFB52B} = {83FD2ACE-5FFC-4AB3-A764-623F390A7A40}
		{12B4A0C5-FEF8-4338-800C-FD24CFE2BEA9} = {83FD2ACE-5FFC-4AB3-A764-623F390A7A40}
		{49FA9549-9787-42C7-BF5B-7479AB554FAA} = {83FD2ACE-5FFC-4AB3-A764-623F390A7A40}
		{6881D1DB-3649-489C-9AA8-490D0CFC7907} = {83FD2ACE-5FFC-4AB3-A764-623F390A7A40}
		{DEFBA944-DC5D-441D-AEB3-CA75E0444A64} = {D8DC44F7-4792-40F9-AAFE-0257EEB5CA8B}
		{3FB58DD3-2DE7-41E3-A154-28FCE7A48C65} = {DEFBA944-DC5D-441D-AEB3-CA75E0444A64}
		{5DCFC787-F53F-484C-8EB5-B56F70C623E9} = {DEFBA944-DC5D-441D-AEB3-CA75E0444A64}
		{6990B736-110E-4F87-9790-BE97D515473C} = {DEFBA944-DC5D-441D-AEB3-CA75E0444A64}
		{67397BCA-AAB6-4257-9692-17124DD60C67} = {2A8EF94C-AE81-4E39-8CC4-7633EFE219A4}
		{2A8EF94C-AE81-4E39-8CC4-7633EFE219A4} = {D8DC44F7-4792-40F9-AAFE-0257EEB5CA8B}
		{68B9B89F-C493-4642-A689-2BE1C890E637} = {2A8EF94C-AE81-4E39-8CC4-7633EFE219A4}
		{66565B71-C6D1-4906-B63C-A0FB4A194BE3} = {D8DC44F7-4792-40F9-AAFE-0257EEB5CA8B}
		{CBE8DFBF-CDB6-4BD2-B9A7-DB243413619C} = {66565B71-C6D1-4906-B63C-A0FB4A194BE3}
		{0FB103E2-C944-47E6-AB62-874D54C8C188} = {5EBF4207-D8CA-4BE1-9907-540D53353D6B}
		{91FF6925-025A-4F08-B5EF-93CBD9131A33} = {0FB103E2-C944-47E6-AB62-874D54C8C188}
		{3C742825-17FE-4674-9B17-DBE2B5DA8069} = {5EBF4207-D8CA-4BE1-9907-540D53353D6B}
		{4221B4C4-AC63-47AF-A7CE-1F2C212469C0} = {3C742825-17FE-4674-9B17-DBE2B5DA8069}
		{01ABA3FF-1E8F-48A4-A245-233B389F1B8C} = {5EBF4207-D8CA-4BE1-9907-540D53353D6B}
		{15A1DFBF-FC42-402D-A6F0-AA20B150E3E4} = {01ABA3FF-1E8F-48A4-A245-233B389F1B8C}
		{6EAFC8CA-DB55-4355-84BB-BBCB08C318CA} = {5EBF4207-D8CA-4BE1-9907-540D53353D6B}
		{A4B8A6EF-6CE1-49B0-AC16-ED31CEFC855F} = {5EBF4207-D8CA-4BE1-9907-540D53353D6B}
		{EF38C2E6-9F59-46FE-A83D-2ED914CF46CD} = {5EBF4207-D8CA-4BE1-9907-540D53353D6B}
		{01FB1B45-DEC8-41A4-87EF-7E1F008A40A5} = {5EBF4207-D8CA-4BE1-9907-540D53353D6B}
		{9943CC5A-C6A3-47FF-8BE4-750B617F0DC8} = {5EBF4207-D8CA-4BE1-9907-540D53353D6B}
		{D3090110-FED8-40BA-AF85-5B0A0E48976F} = {6EAFC8CA-DB55-4355-84BB-BBCB08C318CA}
		{816BE89E-AA0E-4131-B953-34D5D6655324} = {A4B8A6EF-6CE1-49B0-AC16-ED31CEFC855F}
		{FEAA830C-61E3-4E68-A1E8-86AD73887BB3} = {EF38C2E6-9F59-46FE-A83D-2ED914CF46CD}
		{CF6B0DA7-5E64-406D-B5F1-59EE495B42F2} = {01FB1B45-DEC8-41A4-87EF-7E1F008A40A5}
		{C2DE67E0-7DC8-4A4B-9E31-063C0B0B9AE1} = {9943CC5A-C6A3-47FF-8BE4-750B617F0DC8}
		{6291F468-E446-4A56-930C-6127F9BB13B4} = {D8DC44F7-4792-40F9-AAFE-0257EEB5CA8B}
		{8D9B1194-9A89-4624-B11B-F4D5C806C16E} = {6291F468-E446-4A56-930C-6127F9BB13B4}
		{D0DD64F7-0585-4357-ABA5-460AFAC342F1} = {6291F468-E446-4A56-930C-6127F9BB13B4}
		{CF2BB1DF-0A38-4DA6-B23B-893691A3AFFE} = {5EBF4207-D8CA-4BE1-9907-540D53353D6B}
		{93349DA6-74F4-4AA2-AC98-7451DA4DEAA6} = {CF2BB1DF-0A38-4DA6-B23B-893691A3AFFE}
		{AB63BB89-CC45-4947-AF9F-058D1BD0D843} = {5EBF4207-D8CA-4BE1-9907-540D53353D6B}
		{D4AF8288-56B3-4A69-94AD-BD7B3760A1F0} = {AB63BB89-CC45-4947-AF9F-058D1BD0D843}
		{9EFACC85-7B81-4B3E-8216-6AC210A91869} = {D8DC44F7-4792-40F9-AAFE-0257EEB5CA8B}
		{A408D1D1-ED64-4B82-85D7-2C53CFACD035} = {9EFACC85-7B81-4B3E-8216-6AC210A91869}
		{439E415B-34A5-4FDF-8D89-8BF9FFA90094} = {5EBF4207-D8CA-4BE1-9907-540D53353D6B}
		{5C74C379-1ADF-4BAA-8F26-E2FE35A11965} = {439E415B-34A5-4FDF-8D89-8BF9FFA90094}
		{F27DBC65-28C8-4E18-86BA-ED4FDE5911C5} = {5EBF4207-D8CA-4BE1-9907-540D53353D6B}
		{2A5D5FCC-8252-4F98-B90F-B505A84804F4} = {F27DBC65-28C8-4E18-86BA-ED4FDE5911C5}
		{BB629AC6-0918-4811-8E57-CB199EBAD92A} = {D8DC44F7-4792-40F9-AAFE-0257EEB5CA8B}
		{40D4C1E7-DFC0-4A85-92CC-80F9D522D26E} = {BB629AC6-0918-4811-8E57-CB199EBAD92A}
		{846B4BEE-BB50-4B47-8D33-5A0B2E682253} = {D8DC44F7-4792-40F9-AAFE-0257EEB5CA8B}
		{4E5F4F42-6A4F-4ECD-BD9E-1645C2BF8F56} = {846B4BEE-BB50-4B47-8D33-5A0B2E682253}
		{8E876DBB-D924-4EE9-AF0C-5D341D95BF6E} = {5EBF4207-D8CA-4BE1-9907-540D53353D6B}
		{1CBE94EE-B782-4F13-9EB8-FE3C4C655CD2} = {8E876DBB-D924-4EE9-AF0C-5D341D95BF6E}
	EndGlobalSection
	GlobalSection(ExtensibilityGlobals) = postSolution
		SolutionGuid = {434F605F-EC2D-4FF9-9666-7119BF441D0F}
	EndGlobalSection
EndGlobal
