
Microsoft Visual Studio Solution File, Format Version 12.00
# Visual Studio Version 16
VisualStudioVersion = 16.0.31702.278
MinimumVisualStudioVersion = 10.0.40219.1
Project("{8BC9CEB8-8B4A-11D0-8D11-00A0C91BC942}") = "Expression", "Expression\Expression.vcxproj", "{76F85E57-8152-4D41-9BB8-C771CBBE4770}"
EndProject
Project("{2150E333-8FDC-42A3-9474-1A3956D46DE8}") = "HW1", "HW1", "{91714BD4-994E-4EFC-BE32-E5480CBC6FAB}"
EndProject
Project("{2150E333-8FDC-42A3-9474-1A3956D46DE8}") = "CW", "CW", "{5EBF4207-D8CA-4BE1-9907-540D53353D6B}"
EndProject
Project("{2150E333-8FDC-42A3-9474-1A3956D46DE8}") = "HW", "HW", "{D8DC44F7-4792-40F9-AAFE-0257EEB5CA8B}"
EndProject
Project("{8BC9CEB8-8B4A-11D0-8D11-00A0C91BC942}") = "02.10", "02.10\02.10.vcxproj", "{601B865A-231D-44F1-827B-C9BFA36B3533}"
EndProject
Project("{2150E333-8FDC-42A3-9474-1A3956D46DE8}") = "HW2", "HW2", "{8DDE2DFA-E680-4CE8-B64D-5F4C75700C5D}"
EndProject
Project("{8BC9CEB8-8B4A-11D0-8D11-00A0C91BC942}") = "SumOf3DigitNum", "SumOf3DigitNum\SumOf3DigitNum.vcxproj", "{2BDF35AD-C2DD-458C-AD64-A923A592054F}"
EndProject
Project("{8BC9CEB8-8B4A-11D0-8D11-00A0C91BC942}") = "3DigitNumVV", "3DigitNumVV\3DigitNumVV.vcxproj", "{9D1DC759-B861-494A-AFA4-EA9CA0E513BC}"
EndProject
Project("{8BC9CEB8-8B4A-11D0-8D11-00A0C91BC942}") = "DistBet2Points", "DistBet2Points\DistBet2Points.vcxproj", "{87B0AADD-0B54-477A-80D6-75727849640B}"
EndProject
Project("{8BC9CEB8-8B4A-11D0-8D11-00A0C91BC942}") = "RoomAndTiles", "RoomAndTiles\RoomAndTiles.vcxproj", "{9581F2FD-A62B-4582-B3B9-6CE0DB06E416}"
EndProject
Project("{8BC9CEB8-8B4A-11D0-8D11-00A0C91BC942}") = "10.10", "10.10\10.10.vcxproj", "{9015DF0B-EE1C-4AB8-A814-59BAB80BD7BC}"
EndProject
Project("{2150E333-8FDC-42A3-9474-1A3956D46DE8}") = "HW3", "HW3", "{3040ADC4-9259-4EA0-ADC6-C0826E6EE531}"
EndProject
Project("{8BC9CEB8-8B4A-11D0-8D11-00A0C91BC942}") = "Discriminant", "Discriminant\Discriminant.vcxproj", "{EDFA845F-0588-4550-A462-0B625CE94AE3}"
EndProject
Project("{8BC9CEB8-8B4A-11D0-8D11-00A0C91BC942}") = "16.10", "16.10\16.10.vcxproj", "{85E418DF-D3FE-416C-9DD0-AB91C53C92F7}"
EndProject
Project("{2150E333-8FDC-42A3-9474-1A3956D46DE8}") = "HW4", "HW4", "{B41B784E-3E0A-471F-A65B-05C905AF9ADC}"
EndProject
Project("{8BC9CEB8-8B4A-11D0-8D11-00A0C91BC942}") = "CalcFormula2", "CalcFormula2\CalcFormula2.vcxproj", "{18C0B454-A114-4FFB-812F-4247178CAD4E}"
EndProject
Project("{8BC9CEB8-8B4A-11D0-8D11-00A0C91BC942}") = "CalcFormula3", "CalcFormula3\CalcFormula3.vcxproj", "{3AD3B98F-FF5B-44A3-A53D-2B5F66184EE4}"
EndProject
Project("{8BC9CEB8-8B4A-11D0-8D11-00A0C91BC942}") = "CalcFormula4", "CalcFormula4\CalcFormula4.vcxproj", "{C99BB0F9-52AC-4718-927C-EAADA586C174}"
EndProject
Project("{8BC9CEB8-8B4A-11D0-8D11-00A0C91BC942}") = "CalcFormula5", "CalcFormula5\CalcFormula5.vcxproj", "{A4E9BFB5-5402-4467-8A18-4EA54CEC0868}"
EndProject
Project("{8BC9CEB8-8B4A-11D0-8D11-00A0C91BC942}") = "CalcFormula6", "CalcFormula6\CalcFormula6.vcxproj", "{029CBCEF-DFD5-4A72-89FC-522D1EFFCC03}"
EndProject
Project("{8BC9CEB8-8B4A-11D0-8D11-00A0C91BC942}") = "CalcFormula7", "CalcFormula7\CalcFormula7.vcxproj", "{FEDBF308-3B05-490C-B333-0FBC3A2AF5D9}"
EndProject
Project("{8BC9CEB8-8B4A-11D0-8D11-00A0C91BC942}") = "CalcFormula8", "CalcFormula8\CalcFormula8.vcxproj", "{913FF149-BBFB-4A12-A3F3-5C12FF0A22CD}"
EndProject
Project("{8BC9CEB8-8B4A-11D0-8D11-00A0C91BC942}") = "CalcFormula9", "CalcFormula9\CalcFormula9.vcxproj", "{11426C3A-6DEB-4338-8E25-6FFC5882DE64}"
EndProject
Project("{8BC9CEB8-8B4A-11D0-8D11-00A0C91BC942}") = "CalcFormula10", "CalcFormula10\CalcFormula10.vcxproj", "{C878D3A7-7252-4CB1-B69D-FF2849ABADCF}"
EndProject
Project("{8BC9CEB8-8B4A-11D0-8D11-00A0C91BC942}") = "CalcFormula1", "CalcFormula1\CalcFormula1.vcxproj", "{ED28BC23-D3A0-44C2-9BA9-F0B557B638CA}"
EndProject
Project("{8BC9CEB8-8B4A-11D0-8D11-00A0C91BC942}") = "CalcFormula11", "CalcFormula11\CalcFormula11.vcxproj", "{507FB11F-6477-45C6-999B-6E6FE714AB45}"
EndProject
Project("{8BC9CEB8-8B4A-11D0-8D11-00A0C91BC942}") = "CalcFormula12", "CalcFormula12\CalcFormula12.vcxproj", "{36A7E6F8-B205-4F0C-9B92-22B07733AD35}"
EndProject
Project("{8BC9CEB8-8B4A-11D0-8D11-00A0C91BC942}") = "Absolute", "Absolute\Absolute.vcxproj", "{6BC9A3D2-F801-4A1E-A471-CB1EFE6597DE}"
EndProject
Project("{8BC9CEB8-8B4A-11D0-8D11-00A0C91BC942}") = "IsEvenAndTwoDigit", "IsEvenAndTwoDigit\IsEvenAndTwoDigit.vcxproj", "{D67538D3-464A-47C9-B747-D537B72BB43E}"
EndProject
Project("{8BC9CEB8-8B4A-11D0-8D11-00A0C91BC942}") = "Average", "Average\Average.vcxproj", "{F1CA00B7-2501-4190-AE41-29E3A7EF58AD}"
EndProject
Project("{8BC9CEB8-8B4A-11D0-8D11-00A0C91BC942}") = "MaxNumberDivisor", "MaxNumberDivisor\MaxNumberDivisor.vcxproj", "{2005BC5C-D770-4ED0-8D98-963DA35E43A0}"
EndProject
Project("{2150E333-8FDC-42A3-9474-1A3956D46DE8}") = "HW5", "HW5", "{83FD2ACE-5FFC-4AB3-A764-623F390A7A40}"
EndProject
Project("{8BC9CEB8-8B4A-11D0-8D11-00A0C91BC942}") = "SumOfTwoDigitNums", "SumOfTwoDigitNums\SumOfTwoDigitNums.vcxproj", "{1900E37D-63CA-4AA0-A668-00FF27A1C769}"
EndProject
Project("{8BC9CEB8-8B4A-11D0-8D11-00A0C91BC942}") = "Picture1", "Picture1\Picture1.vcxproj", "{F171B1B9-B209-4170-8DD8-241BFFEE685C}"
EndProject
Project("{8BC9CEB8-8B4A-11D0-8D11-00A0C91BC942}") = "Picture2", "Picture2\Picture2.vcxproj", "{3F420781-E215-47B6-A0E3-DDC528EFB52B}"
EndProject
Project("{8BC9CEB8-8B4A-11D0-8D11-00A0C91BC942}") = "SumOfDigitInNum", "SumOfDigitInNum\SumOfDigitInNum.vcxproj", "{12B4A0C5-FEF8-4338-800C-FD24CFE2BEA9}"
EndProject
Project("{8BC9CEB8-8B4A-11D0-8D11-00A0C91BC942}") = "SumOfEvenDigitInNum", "SumOfEvenDigitInNum\SumOfEvenDigitInNum.vcxproj", "{49FA9549-9787-42C7-BF5B-7479AB554FAA}"
EndProject
Project("{8BC9CEB8-8B4A-11D0-8D11-00A0C91BC942}") = "SumOfAllDivisorsOfNum", "SumOfAllDivisorsOfNum\SumOfAllDivisorsOfNum.vcxproj", "{6881D1DB-3649-489C-9AA8-490D0CFC7907}"
EndProject
Project("{8BC9CEB8-8B4A-11D0-8D11-00A0C91BC942}") = "30.10", "30.10\30.10.vcxproj", "{A1BA7E49-D842-4DE4-B17D-E1FE340B80B7}"
EndProject
Project("{2150E333-8FDC-42A3-9474-1A3956D46DE8}") = "HW6", "HW6", "{DEFBA944-DC5D-441D-AEB3-CA75E0444A64}"
EndProject
Project("{8BC9CEB8-8B4A-11D0-8D11-00A0C91BC942}") = "FirstHundred", "FirstHundred\FirstHundred.vcxproj", "{3FB58DD3-2DE7-41E3-A154-28FCE7A48C65}"
EndProject
Project("{8BC9CEB8-8B4A-11D0-8D11-00A0C91BC942}") = "HowMuchMinus2", "HowMuchMinus2\HowMuchMinus2.vcxproj", "{5DCFC787-F53F-484C-8EB5-B56F70C623E9}"
EndProject
Project("{8BC9CEB8-8B4A-11D0-8D11-00A0C91BC942}") = "RandomNNumbers", "RandomNNumbers\RandomNNumbers.vcxproj", "{6990B736-110E-4F87-9790-BE97D515473C}"
EndProject
Project("{8BC9CEB8-8B4A-11D0-8D11-00A0C91BC942}") = "06.11", "06.11\06.11.vcxproj", "{B7650C66-4488-44F4-89F1-3FBC088AB4C2}"
EndProject
Project("{8BC9CEB8-8B4A-11D0-8D11-00A0C91BC942}") = "13.11", "13.11\13.11.vcxproj", "{11AA551D-F20D-4F63-8BBF-8325BEFF005C}"
EndProject
Project("{8BC9CEB8-8B4A-11D0-8D11-00A0C91BC942}") = "Matches", "Matches\Matches.vcxproj", "{67397BCA-AAB6-4257-9692-17124DD60C67}"
EndProject
Global
	GlobalSection(SolutionConfigurationPlatforms) = preSolution
		Debug|x64 = Debug|x64
		Debug|x86 = Debug|x86
		Release|x64 = Release|x64
		Release|x86 = Release|x86
	EndGlobalSection
	GlobalSection(ProjectConfigurationPlatforms) = postSolution
		{76F85E57-8152-4D41-9BB8-C771CBBE4770}.Debug|x64.ActiveCfg = Debug|x64
		{76F85E57-8152-4D41-9BB8-C771CBBE4770}.Debug|x64.Build.0 = Debug|x64
		{76F85E57-8152-4D41-9BB8-C771CBBE4770}.Debug|x86.ActiveCfg = Debug|Win32
		{76F85E57-8152-4D41-9BB8-C771CBBE4770}.Debug|x86.Build.0 = Debug|Win32
		{76F85E57-8152-4D41-9BB8-C771CBBE4770}.Release|x64.ActiveCfg = Release|x64
		{76F85E57-8152-4D41-9BB8-C771CBBE4770}.Release|x64.Build.0 = Release|x64
		{76F85E57-8152-4D41-9BB8-C771CBBE4770}.Release|x86.ActiveCfg = Release|Win32
		{76F85E57-8152-4D41-9BB8-C771CBBE4770}.Release|x86.Build.0 = Release|Win32
		{601B865A-231D-44F1-827B-C9BFA36B3533}.Debug|x64.ActiveCfg = Debug|x64
		{601B865A-231D-44F1-827B-C9BFA36B3533}.Debug|x64.Build.0 = Debug|x64
		{601B865A-231D-44F1-827B-C9BFA36B3533}.Debug|x86.ActiveCfg = Debug|Win32
		{601B865A-231D-44F1-827B-C9BFA36B3533}.Debug|x86.Build.0 = Debug|Win32
		{601B865A-231D-44F1-827B-C9BFA36B3533}.Release|x64.ActiveCfg = Release|x64
		{601B865A-231D-44F1-827B-C9BFA36B3533}.Release|x64.Build.0 = Release|x64
		{601B865A-231D-44F1-827B-C9BFA36B3533}.Release|x86.ActiveCfg = Release|Win32
		{601B865A-231D-44F1-827B-C9BFA36B3533}.Release|x86.Build.0 = Release|Win32
		{2BDF35AD-C2DD-458C-AD64-A923A592054F}.Debug|x64.ActiveCfg = Debug|x64
		{2BDF35AD-C2DD-458C-AD64-A923A592054F}.Debug|x64.Build.0 = Debug|x64
		{2BDF35AD-C2DD-458C-AD64-A923A592054F}.Debug|x86.ActiveCfg = Debug|Win32
		{2BDF35AD-C2DD-458C-AD64-A923A592054F}.Debug|x86.Build.0 = Debug|Win32
		{2BDF35AD-C2DD-458C-AD64-A923A592054F}.Release|x64.ActiveCfg = Release|x64
		{2BDF35AD-C2DD-458C-AD64-A923A592054F}.Release|x64.Build.0 = Release|x64
		{2BDF35AD-C2DD-458C-AD64-A923A592054F}.Release|x86.ActiveCfg = Release|Win32
		{2BDF35AD-C2DD-458C-AD64-A923A592054F}.Release|x86.Build.0 = Release|Win32
		{9D1DC759-B861-494A-AFA4-EA9CA0E513BC}.Debug|x64.ActiveCfg = Debug|x64
		{9D1DC759-B861-494A-AFA4-EA9CA0E513BC}.Debug|x64.Build.0 = Debug|x64
		{9D1DC759-B861-494A-AFA4-EA9CA0E513BC}.Debug|x86.ActiveCfg = Debug|Win32
		{9D1DC759-B861-494A-AFA4-EA9CA0E513BC}.Debug|x86.Build.0 = Debug|Win32
		{9D1DC759-B861-494A-AFA4-EA9CA0E513BC}.Release|x64.ActiveCfg = Release|x64
		{9D1DC759-B861-494A-AFA4-EA9CA0E513BC}.Release|x64.Build.0 = Release|x64
		{9D1DC759-B861-494A-AFA4-EA9CA0E513BC}.Release|x86.ActiveCfg = Release|Win32
		{9D1DC759-B861-494A-AFA4-EA9CA0E513BC}.Release|x86.Build.0 = Release|Win32
		{87B0AADD-0B54-477A-80D6-75727849640B}.Debug|x64.ActiveCfg = Debug|x64
		{87B0AADD-0B54-477A-80D6-75727849640B}.Debug|x64.Build.0 = Debug|x64
		{87B0AADD-0B54-477A-80D6-75727849640B}.Debug|x86.ActiveCfg = Debug|Win32
		{87B0AADD-0B54-477A-80D6-75727849640B}.Debug|x86.Build.0 = Debug|Win32
		{87B0AADD-0B54-477A-80D6-75727849640B}.Release|x64.ActiveCfg = Release|x64
		{87B0AADD-0B54-477A-80D6-75727849640B}.Release|x64.Build.0 = Release|x64
		{87B0AADD-0B54-477A-80D6-75727849640B}.Release|x86.ActiveCfg = Release|Win32
		{87B0AADD-0B54-477A-80D6-75727849640B}.Release|x86.Build.0 = Release|Win32
		{9581F2FD-A62B-4582-B3B9-6CE0DB06E416}.Debug|x64.ActiveCfg = Debug|x64
		{9581F2FD-A62B-4582-B3B9-6CE0DB06E416}.Debug|x64.Build.0 = Debug|x64
		{9581F2FD-A62B-4582-B3B9-6CE0DB06E416}.Debug|x86.ActiveCfg = Debug|Win32
		{9581F2FD-A62B-4582-B3B9-6CE0DB06E416}.Debug|x86.Build.0 = Debug|Win32
		{9581F2FD-A62B-4582-B3B9-6CE0DB06E416}.Release|x64.ActiveCfg = Release|x64
		{9581F2FD-A62B-4582-B3B9-6CE0DB06E416}.Release|x64.Build.0 = Release|x64
		{9581F2FD-A62B-4582-B3B9-6CE0DB06E416}.Release|x86.ActiveCfg = Release|Win32
		{9581F2FD-A62B-4582-B3B9-6CE0DB06E416}.Release|x86.Build.0 = Release|Win32
		{9015DF0B-EE1C-4AB8-A814-59BAB80BD7BC}.Debug|x64.ActiveCfg = Debug|x64
		{9015DF0B-EE1C-4AB8-A814-59BAB80BD7BC}.Debug|x64.Build.0 = Debug|x64
		{9015DF0B-EE1C-4AB8-A814-59BAB80BD7BC}.Debug|x86.ActiveCfg = Debug|Win32
		{9015DF0B-EE1C-4AB8-A814-59BAB80BD7BC}.Debug|x86.Build.0 = Debug|Win32
		{9015DF0B-EE1C-4AB8-A814-59BAB80BD7BC}.Release|x64.ActiveCfg = Release|x64
		{9015DF0B-EE1C-4AB8-A814-59BAB80BD7BC}.Release|x64.Build.0 = Release|x64
		{9015DF0B-EE1C-4AB8-A814-59BAB80BD7BC}.Release|x86.ActiveCfg = Release|Win32
		{9015DF0B-EE1C-4AB8-A814-59BAB80BD7BC}.Release|x86.Build.0 = Release|Win32
		{EDFA845F-0588-4550-A462-0B625CE94AE3}.Debug|x64.ActiveCfg = Debug|x64
		{EDFA845F-0588-4550-A462-0B625CE94AE3}.Debug|x64.Build.0 = Debug|x64
		{EDFA845F-0588-4550-A462-0B625CE94AE3}.Debug|x86.ActiveCfg = Debug|Win32
		{EDFA845F-0588-4550-A462-0B625CE94AE3}.Debug|x86.Build.0 = Debug|Win32
		{EDFA845F-0588-4550-A462-0B625CE94AE3}.Release|x64.ActiveCfg = Release|x64
		{EDFA845F-0588-4550-A462-0B625CE94AE3}.Release|x64.Build.0 = Release|x64
		{EDFA845F-0588-4550-A462-0B625CE94AE3}.Release|x86.ActiveCfg = Release|Win32
		{EDFA845F-0588-4550-A462-0B625CE94AE3}.Release|x86.Build.0 = Release|Win32
		{85E418DF-D3FE-416C-9DD0-AB91C53C92F7}.Debug|x64.ActiveCfg = Debug|x64
		{85E418DF-D3FE-416C-9DD0-AB91C53C92F7}.Debug|x64.Build.0 = Debug|x64
		{85E418DF-D3FE-416C-9DD0-AB91C53C92F7}.Debug|x86.ActiveCfg = Debug|Win32
		{85E418DF-D3FE-416C-9DD0-AB91C53C92F7}.Debug|x86.Build.0 = Debug|Win32
		{85E418DF-D3FE-416C-9DD0-AB91C53C92F7}.Release|x64.ActiveCfg = Release|x64
		{85E418DF-D3FE-416C-9DD0-AB91C53C92F7}.Release|x64.Build.0 = Release|x64
		{85E418DF-D3FE-416C-9DD0-AB91C53C92F7}.Release|x86.ActiveCfg = Release|Win32
		{85E418DF-D3FE-416C-9DD0-AB91C53C92F7}.Release|x86.Build.0 = Release|Win32
		{18C0B454-A114-4FFB-812F-4247178CAD4E}.Debug|x64.ActiveCfg = Debug|x64
		{18C0B454-A114-4FFB-812F-4247178CAD4E}.Debug|x64.Build.0 = Debug|x64
		{18C0B454-A114-4FFB-812F-4247178CAD4E}.Debug|x86.ActiveCfg = Debug|Win32
		{18C0B454-A114-4FFB-812F-4247178CAD4E}.Debug|x86.Build.0 = Debug|Win32
		{18C0B454-A114-4FFB-812F-4247178CAD4E}.Release|x64.ActiveCfg = Release|x64
		{18C0B454-A114-4FFB-812F-4247178CAD4E}.Release|x64.Build.0 = Release|x64
		{18C0B454-A114-4FFB-812F-4247178CAD4E}.Release|x86.ActiveCfg = Release|Win32
		{18C0B454-A114-4FFB-812F-4247178CAD4E}.Release|x86.Build.0 = Release|Win32
		{3AD3B98F-FF5B-44A3-A53D-2B5F66184EE4}.Debug|x64.ActiveCfg = Debug|x64
		{3AD3B98F-FF5B-44A3-A53D-2B5F66184EE4}.Debug|x64.Build.0 = Debug|x64
		{3AD3B98F-FF5B-44A3-A53D-2B5F66184EE4}.Debug|x86.ActiveCfg = Debug|Win32
		{3AD3B98F-FF5B-44A3-A53D-2B5F66184EE4}.Debug|x86.Build.0 = Debug|Win32
		{3AD3B98F-FF5B-44A3-A53D-2B5F66184EE4}.Release|x64.ActiveCfg = Release|x64
		{3AD3B98F-FF5B-44A3-A53D-2B5F66184EE4}.Release|x64.Build.0 = Release|x64
		{3AD3B98F-FF5B-44A3-A53D-2B5F66184EE4}.Release|x86.ActiveCfg = Release|Win32
		{3AD3B98F-FF5B-44A3-A53D-2B5F66184EE4}.Release|x86.Build.0 = Release|Win32
		{C99BB0F9-52AC-4718-927C-EAADA586C174}.Debug|x64.ActiveCfg = Debug|x64
		{C99BB0F9-52AC-4718-927C-EAADA586C174}.Debug|x64.Build.0 = Debug|x64
		{C99BB0F9-52AC-4718-927C-EAADA586C174}.Debug|x86.ActiveCfg = Debug|Win32
		{C99BB0F9-52AC-4718-927C-EAADA586C174}.Debug|x86.Build.0 = Debug|Win32
		{C99BB0F9-52AC-4718-927C-EAADA586C174}.Release|x64.ActiveCfg = Release|x64
		{C99BB0F9-52AC-4718-927C-EAADA586C174}.Release|x64.Build.0 = Release|x64
		{C99BB0F9-52AC-4718-927C-EAADA586C174}.Release|x86.ActiveCfg = Release|Win32
		{C99BB0F9-52AC-4718-927C-EAADA586C174}.Release|x86.Build.0 = Release|Win32
		{A4E9BFB5-5402-4467-8A18-4EA54CEC0868}.Debug|x64.ActiveCfg = Debug|x64
		{A4E9BFB5-5402-4467-8A18-4EA54CEC0868}.Debug|x64.Build.0 = Debug|x64
		{A4E9BFB5-5402-4467-8A18-4EA54CEC0868}.Debug|x86.ActiveCfg = Debug|Win32
		{A4E9BFB5-5402-4467-8A18-4EA54CEC0868}.Debug|x86.Build.0 = Debug|Win32
		{A4E9BFB5-5402-4467-8A18-4EA54CEC0868}.Release|x64.ActiveCfg = Release|x64
		{A4E9BFB5-5402-4467-8A18-4EA54CEC0868}.Release|x64.Build.0 = Release|x64
		{A4E9BFB5-5402-4467-8A18-4EA54CEC0868}.Release|x86.ActiveCfg = Release|Win32
		{A4E9BFB5-5402-4467-8A18-4EA54CEC0868}.Release|x86.Build.0 = Release|Win32
		{029CBCEF-DFD5-4A72-89FC-522D1EFFCC03}.Debug|x64.ActiveCfg = Debug|x64
		{029CBCEF-DFD5-4A72-89FC-522D1EFFCC03}.Debug|x64.Build.0 = Debug|x64
		{029CBCEF-DFD5-4A72-89FC-522D1EFFCC03}.Debug|x86.ActiveCfg = Debug|Win32
		{029CBCEF-DFD5-4A72-89FC-522D1EFFCC03}.Debug|x86.Build.0 = Debug|Win32
		{029CBCEF-DFD5-4A72-89FC-522D1EFFCC03}.Release|x64.ActiveCfg = Release|x64
		{029CBCEF-DFD5-4A72-89FC-522D1EFFCC03}.Release|x64.Build.0 = Release|x64
		{029CBCEF-DFD5-4A72-89FC-522D1EFFCC03}.Release|x86.ActiveCfg = Release|Win32
		{029CBCEF-DFD5-4A72-89FC-522D1EFFCC03}.Release|x86.Build.0 = Release|Win32
		{FEDBF308-3B05-490C-B333-0FBC3A2AF5D9}.Debug|x64.ActiveCfg = Debug|x64
		{FEDBF308-3B05-490C-B333-0FBC3A2AF5D9}.Debug|x64.Build.0 = Debug|x64
		{FEDBF308-3B05-490C-B333-0FBC3A2AF5D9}.Debug|x86.ActiveCfg = Debug|Win32
		{FEDBF308-3B05-490C-B333-0FBC3A2AF5D9}.Debug|x86.Build.0 = Debug|Win32
		{FEDBF308-3B05-490C-B333-0FBC3A2AF5D9}.Release|x64.ActiveCfg = Release|x64
		{FEDBF308-3B05-490C-B333-0FBC3A2AF5D9}.Release|x64.Build.0 = Release|x64
		{FEDBF308-3B05-490C-B333-0FBC3A2AF5D9}.Release|x86.ActiveCfg = Release|Win32
		{FEDBF308-3B05-490C-B333-0FBC3A2AF5D9}.Release|x86.Build.0 = Release|Win32
		{913FF149-BBFB-4A12-A3F3-5C12FF0A22CD}.Debug|x64.ActiveCfg = Debug|x64
		{913FF149-BBFB-4A12-A3F3-5C12FF0A22CD}.Debug|x64.Build.0 = Debug|x64
		{913FF149-BBFB-4A12-A3F3-5C12FF0A22CD}.Debug|x86.ActiveCfg = Debug|Win32
		{913FF149-BBFB-4A12-A3F3-5C12FF0A22CD}.Debug|x86.Build.0 = Debug|Win32
		{913FF149-BBFB-4A12-A3F3-5C12FF0A22CD}.Release|x64.ActiveCfg = Release|x64
		{913FF149-BBFB-4A12-A3F3-5C12FF0A22CD}.Release|x64.Build.0 = Release|x64
		{913FF149-BBFB-4A12-A3F3-5C12FF0A22CD}.Release|x86.ActiveCfg = Release|Win32
		{913FF149-BBFB-4A12-A3F3-5C12FF0A22CD}.Release|x86.Build.0 = Release|Win32
		{11426C3A-6DEB-4338-8E25-6FFC5882DE64}.Debug|x64.ActiveCfg = Debug|x64
		{11426C3A-6DEB-4338-8E25-6FFC5882DE64}.Debug|x64.Build.0 = Debug|x64
		{11426C3A-6DEB-4338-8E25-6FFC5882DE64}.Debug|x86.ActiveCfg = Debug|Win32
		{11426C3A-6DEB-4338-8E25-6FFC5882DE64}.Debug|x86.Build.0 = Debug|Win32
		{11426C3A-6DEB-4338-8E25-6FFC5882DE64}.Release|x64.ActiveCfg = Release|x64
		{11426C3A-6DEB-4338-8E25-6FFC5882DE64}.Release|x64.Build.0 = Release|x64
		{11426C3A-6DEB-4338-8E25-6FFC5882DE64}.Release|x86.ActiveCfg = Release|Win32
		{11426C3A-6DEB-4338-8E25-6FFC5882DE64}.Release|x86.Build.0 = Release|Win32
		{C878D3A7-7252-4CB1-B69D-FF2849ABADCF}.Debug|x64.ActiveCfg = Debug|x64
		{C878D3A7-7252-4CB1-B69D-FF2849ABADCF}.Debug|x64.Build.0 = Debug|x64
		{C878D3A7-7252-4CB1-B69D-FF2849ABADCF}.Debug|x86.ActiveCfg = Debug|Win32
		{C878D3A7-7252-4CB1-B69D-FF2849ABADCF}.Debug|x86.Build.0 = Debug|Win32
		{C878D3A7-7252-4CB1-B69D-FF2849ABADCF}.Release|x64.ActiveCfg = Release|x64
		{C878D3A7-7252-4CB1-B69D-FF2849ABADCF}.Release|x64.Build.0 = Release|x64
		{C878D3A7-7252-4CB1-B69D-FF2849ABADCF}.Release|x86.ActiveCfg = Release|Win32
		{C878D3A7-7252-4CB1-B69D-FF2849ABADCF}.Release|x86.Build.0 = Release|Win32
		{ED28BC23-D3A0-44C2-9BA9-F0B557B638CA}.Debug|x64.ActiveCfg = Debug|x64
		{ED28BC23-D3A0-44C2-9BA9-F0B557B638CA}.Debug|x64.Build.0 = Debug|x64
		{ED28BC23-D3A0-44C2-9BA9-F0B557B638CA}.Debug|x86.ActiveCfg = Debug|Win32
		{ED28BC23-D3A0-44C2-9BA9-F0B557B638CA}.Debug|x86.Build.0 = Debug|Win32
		{ED28BC23-D3A0-44C2-9BA9-F0B557B638CA}.Release|x64.ActiveCfg = Release|x64
		{ED28BC23-D3A0-44C2-9BA9-F0B557B638CA}.Release|x64.Build.0 = Release|x64
		{ED28BC23-D3A0-44C2-9BA9-F0B557B638CA}.Release|x86.ActiveCfg = Release|Win32
		{ED28BC23-D3A0-44C2-9BA9-F0B557B638CA}.Release|x86.Build.0 = Release|Win32
		{507FB11F-6477-45C6-999B-6E6FE714AB45}.Debug|x64.ActiveCfg = Debug|x64
		{507FB11F-6477-45C6-999B-6E6FE714AB45}.Debug|x64.Build.0 = Debug|x64
		{507FB11F-6477-45C6-999B-6E6FE714AB45}.Debug|x86.ActiveCfg = Debug|Win32
		{507FB11F-6477-45C6-999B-6E6FE714AB45}.Debug|x86.Build.0 = Debug|Win32
		{507FB11F-6477-45C6-999B-6E6FE714AB45}.Release|x64.ActiveCfg = Release|x64
		{507FB11F-6477-45C6-999B-6E6FE714AB45}.Release|x64.Build.0 = Release|x64
		{507FB11F-6477-45C6-999B-6E6FE714AB45}.Release|x86.ActiveCfg = Release|Win32
		{507FB11F-6477-45C6-999B-6E6FE714AB45}.Release|x86.Build.0 = Release|Win32
		{36A7E6F8-B205-4F0C-9B92-22B07733AD35}.Debug|x64.ActiveCfg = Debug|x64
		{36A7E6F8-B205-4F0C-9B92-22B07733AD35}.Debug|x64.Build.0 = Debug|x64
		{36A7E6F8-B205-4F0C-9B92-22B07733AD35}.Debug|x86.ActiveCfg = Debug|Win32
		{36A7E6F8-B205-4F0C-9B92-22B07733AD35}.Debug|x86.Build.0 = Debug|Win32
		{36A7E6F8-B205-4F0C-9B92-22B07733AD35}.Release|x64.ActiveCfg = Release|x64
		{36A7E6F8-B205-4F0C-9B92-22B07733AD35}.Release|x64.Build.0 = Release|x64
		{36A7E6F8-B205-4F0C-9B92-22B07733AD35}.Release|x86.ActiveCfg = Release|Win32
		{36A7E6F8-B205-4F0C-9B92-22B07733AD35}.Release|x86.Build.0 = Release|Win32
		{6BC9A3D2-F801-4A1E-A471-CB1EFE6597DE}.Debug|x64.ActiveCfg = Debug|x64
		{6BC9A3D2-F801-4A1E-A471-CB1EFE6597DE}.Debug|x64.Build.0 = Debug|x64
		{6BC9A3D2-F801-4A1E-A471-CB1EFE6597DE}.Debug|x86.ActiveCfg = Debug|Win32
		{6BC9A3D2-F801-4A1E-A471-CB1EFE6597DE}.Debug|x86.Build.0 = Debug|Win32
		{6BC9A3D2-F801-4A1E-A471-CB1EFE6597DE}.Release|x64.ActiveCfg = Release|x64
		{6BC9A3D2-F801-4A1E-A471-CB1EFE6597DE}.Release|x64.Build.0 = Release|x64
		{6BC9A3D2-F801-4A1E-A471-CB1EFE6597DE}.Release|x86.ActiveCfg = Release|Win32
		{6BC9A3D2-F801-4A1E-A471-CB1EFE6597DE}.Release|x86.Build.0 = Release|Win32
		{D67538D3-464A-47C9-B747-D537B72BB43E}.Debug|x64.ActiveCfg = Debug|x64
		{D67538D3-464A-47C9-B747-D537B72BB43E}.Debug|x64.Build.0 = Debug|x64
		{D67538D3-464A-47C9-B747-D537B72BB43E}.Debug|x86.ActiveCfg = Debug|Win32
		{D67538D3-464A-47C9-B747-D537B72BB43E}.Debug|x86.Build.0 = Debug|Win32
		{D67538D3-464A-47C9-B747-D537B72BB43E}.Release|x64.ActiveCfg = Release|x64
		{D67538D3-464A-47C9-B747-D537B72BB43E}.Release|x64.Build.0 = Release|x64
		{D67538D3-464A-47C9-B747-D537B72BB43E}.Release|x86.ActiveCfg = Release|Win32
		{D67538D3-464A-47C9-B747-D537B72BB43E}.Release|x86.Build.0 = Release|Win32
		{F1CA00B7-2501-4190-AE41-29E3A7EF58AD}.Debug|x64.ActiveCfg = Debug|x64
		{F1CA00B7-2501-4190-AE41-29E3A7EF58AD}.Debug|x64.Build.0 = Debug|x64
		{F1CA00B7-2501-4190-AE41-29E3A7EF58AD}.Debug|x86.ActiveCfg = Debug|Win32
		{F1CA00B7-2501-4190-AE41-29E3A7EF58AD}.Debug|x86.Build.0 = Debug|Win32
		{F1CA00B7-2501-4190-AE41-29E3A7EF58AD}.Release|x64.ActiveCfg = Release|x64
		{F1CA00B7-2501-4190-AE41-29E3A7EF58AD}.Release|x64.Build.0 = Release|x64
		{F1CA00B7-2501-4190-AE41-29E3A7EF58AD}.Release|x86.ActiveCfg = Release|Win32
		{F1CA00B7-2501-4190-AE41-29E3A7EF58AD}.Release|x86.Build.0 = Release|Win32
		{2005BC5C-D770-4ED0-8D98-963DA35E43A0}.Debug|x64.ActiveCfg = Debug|x64
		{2005BC5C-D770-4ED0-8D98-963DA35E43A0}.Debug|x64.Build.0 = Debug|x64
		{2005BC5C-D770-4ED0-8D98-963DA35E43A0}.Debug|x86.ActiveCfg = Debug|Win32
		{2005BC5C-D770-4ED0-8D98-963DA35E43A0}.Debug|x86.Build.0 = Debug|Win32
		{2005BC5C-D770-4ED0-8D98-963DA35E43A0}.Release|x64.ActiveCfg = Release|x64
		{2005BC5C-D770-4ED0-8D98-963DA35E43A0}.Release|x64.Build.0 = Release|x64
		{2005BC5C-D770-4ED0-8D98-963DA35E43A0}.Release|x86.ActiveCfg = Release|Win32
		{2005BC5C-D770-4ED0-8D98-963DA35E43A0}.Release|x86.Build.0 = Release|Win32
		{1900E37D-63CA-4AA0-A668-00FF27A1C769}.Debug|x64.ActiveCfg = Debug|x64
		{1900E37D-63CA-4AA0-A668-00FF27A1C769}.Debug|x64.Build.0 = Debug|x64
		{1900E37D-63CA-4AA0-A668-00FF27A1C769}.Debug|x86.ActiveCfg = Debug|Win32
		{1900E37D-63CA-4AA0-A668-00FF27A1C769}.Debug|x86.Build.0 = Debug|Win32
		{1900E37D-63CA-4AA0-A668-00FF27A1C769}.Release|x64.ActiveCfg = Release|x64
		{1900E37D-63CA-4AA0-A668-00FF27A1C769}.Release|x64.Build.0 = Release|x64
		{1900E37D-63CA-4AA0-A668-00FF27A1C769}.Release|x86.ActiveCfg = Release|Win32
		{1900E37D-63CA-4AA0-A668-00FF27A1C769}.Release|x86.Build.0 = Release|Win32
		{F171B1B9-B209-4170-8DD8-241BFFEE685C}.Debug|x64.ActiveCfg = Debug|x64
		{F171B1B9-B209-4170-8DD8-241BFFEE685C}.Debug|x64.Build.0 = Debug|x64
		{F171B1B9-B209-4170-8DD8-241BFFEE685C}.Debug|x86.ActiveCfg = Debug|Win32
		{F171B1B9-B209-4170-8DD8-241BFFEE685C}.Debug|x86.Build.0 = Debug|Win32
		{F171B1B9-B209-4170-8DD8-241BFFEE685C}.Release|x64.ActiveCfg = Release|x64
		{F171B1B9-B209-4170-8DD8-241BFFEE685C}.Release|x64.Build.0 = Release|x64
		{F171B1B9-B209-4170-8DD8-241BFFEE685C}.Release|x86.ActiveCfg = Release|Win32
		{F171B1B9-B209-4170-8DD8-241BFFEE685C}.Release|x86.Build.0 = Release|Win32
		{3F420781-E215-47B6-A0E3-DDC528EFB52B}.Debug|x64.ActiveCfg = Debug|x64
		{3F420781-E215-47B6-A0E3-DDC528EFB52B}.Debug|x64.Build.0 = Debug|x64
		{3F420781-E215-47B6-A0E3-DDC528EFB52B}.Debug|x86.ActiveCfg = Debug|Win32
		{3F420781-E215-47B6-A0E3-DDC528EFB52B}.Debug|x86.Build.0 = Debug|Win32
		{3F420781-E215-47B6-A0E3-DDC528EFB52B}.Release|x64.ActiveCfg = Release|x64
		{3F420781-E215-47B6-A0E3-DDC528EFB52B}.Release|x64.Build.0 = Release|x64
		{3F420781-E215-47B6-A0E3-DDC528EFB52B}.Release|x86.ActiveCfg = Release|Win32
		{3F420781-E215-47B6-A0E3-DDC528EFB52B}.Release|x86.Build.0 = Release|Win32
		{12B4A0C5-FEF8-4338-800C-FD24CFE2BEA9}.Debug|x64.ActiveCfg = Debug|x64
		{12B4A0C5-FEF8-4338-800C-FD24CFE2BEA9}.Debug|x64.Build.0 = Debug|x64
		{12B4A0C5-FEF8-4338-800C-FD24CFE2BEA9}.Debug|x86.ActiveCfg = Debug|Win32
		{12B4A0C5-FEF8-4338-800C-FD24CFE2BEA9}.Debug|x86.Build.0 = Debug|Win32
		{12B4A0C5-FEF8-4338-800C-FD24CFE2BEA9}.Release|x64.ActiveCfg = Release|x64
		{12B4A0C5-FEF8-4338-800C-FD24CFE2BEA9}.Release|x64.Build.0 = Release|x64
		{12B4A0C5-FEF8-4338-800C-FD24CFE2BEA9}.Release|x86.ActiveCfg = Release|Win32
		{12B4A0C5-FEF8-4338-800C-FD24CFE2BEA9}.Release|x86.Build.0 = Release|Win32
		{49FA9549-9787-42C7-BF5B-7479AB554FAA}.Debug|x64.ActiveCfg = Debug|x64
		{49FA9549-9787-42C7-BF5B-7479AB554FAA}.Debug|x64.Build.0 = Debug|x64
		{49FA9549-9787-42C7-BF5B-7479AB554FAA}.Debug|x86.ActiveCfg = Debug|Win32
		{49FA9549-9787-42C7-BF5B-7479AB554FAA}.Debug|x86.Build.0 = Debug|Win32
		{49FA9549-9787-42C7-BF5B-7479AB554FAA}.Release|x64.ActiveCfg = Release|x64
		{49FA9549-9787-42C7-BF5B-7479AB554FAA}.Release|x64.Build.0 = Release|x64
		{49FA9549-9787-42C7-BF5B-7479AB554FAA}.Release|x86.ActiveCfg = Release|Win32
		{49FA9549-9787-42C7-BF5B-7479AB554FAA}.Release|x86.Build.0 = Release|Win32
		{6881D1DB-3649-489C-9AA8-490D0CFC7907}.Debug|x64.ActiveCfg = Debug|x64
		{6881D1DB-3649-489C-9AA8-490D0CFC7907}.Debug|x64.Build.0 = Debug|x64
		{6881D1DB-3649-489C-9AA8-490D0CFC7907}.Debug|x86.ActiveCfg = Debug|Win32
		{6881D1DB-3649-489C-9AA8-490D0CFC7907}.Debug|x86.Build.0 = Debug|Win32
		{6881D1DB-3649-489C-9AA8-490D0CFC7907}.Release|x64.ActiveCfg = Release|x64
		{6881D1DB-3649-489C-9AA8-490D0CFC7907}.Release|x64.Build.0 = Release|x64
		{6881D1DB-3649-489C-9AA8-490D0CFC7907}.Release|x86.ActiveCfg = Release|Win32
		{6881D1DB-3649-489C-9AA8-490D0CFC7907}.Release|x86.Build.0 = Release|Win32
		{A1BA7E49-D842-4DE4-B17D-E1FE340B80B7}.Debug|x64.ActiveCfg = Debug|x64
		{A1BA7E49-D842-4DE4-B17D-E1FE340B80B7}.Debug|x64.Build.0 = Debug|x64
		{A1BA7E49-D842-4DE4-B17D-E1FE340B80B7}.Debug|x86.ActiveCfg = Debug|Win32
		{A1BA7E49-D842-4DE4-B17D-E1FE340B80B7}.Debug|x86.Build.0 = Debug|Win32
		{A1BA7E49-D842-4DE4-B17D-E1FE340B80B7}.Release|x64.ActiveCfg = Release|x64
		{A1BA7E49-D842-4DE4-B17D-E1FE340B80B7}.Release|x64.Build.0 = Release|x64
		{A1BA7E49-D842-4DE4-B17D-E1FE340B80B7}.Release|x86.ActiveCfg = Release|Win32
		{A1BA7E49-D842-4DE4-B17D-E1FE340B80B7}.Release|x86.Build.0 = Release|Win32
		{3FB58DD3-2DE7-41E3-A154-28FCE7A48C65}.Debug|x64.ActiveCfg = Debug|x64
		{3FB58DD3-2DE7-41E3-A154-28FCE7A48C65}.Debug|x64.Build.0 = Debug|x64
		{3FB58DD3-2DE7-41E3-A154-28FCE7A48C65}.Debug|x86.ActiveCfg = Debug|Win32
		{3FB58DD3-2DE7-41E3-A154-28FCE7A48C65}.Debug|x86.Build.0 = Debug|Win32
		{3FB58DD3-2DE7-41E3-A154-28FCE7A48C65}.Release|x64.ActiveCfg = Release|x64
		{3FB58DD3-2DE7-41E3-A154-28FCE7A48C65}.Release|x64.Build.0 = Release|x64
		{3FB58DD3-2DE7-41E3-A154-28FCE7A48C65}.Release|x86.ActiveCfg = Release|Win32
		{3FB58DD3-2DE7-41E3-A154-28FCE7A48C65}.Release|x86.Build.0 = Release|Win32
		{5DCFC787-F53F-484C-8EB5-B56F70C623E9}.Debug|x64.ActiveCfg = Debug|x64
		{5DCFC787-F53F-484C-8EB5-B56F70C623E9}.Debug|x64.Build.0 = Debug|x64
		{5DCFC787-F53F-484C-8EB5-B56F70C623E9}.Debug|x86.ActiveCfg = Debug|Win32
		{5DCFC787-F53F-484C-8EB5-B56F70C623E9}.Debug|x86.Build.0 = Debug|Win32
		{5DCFC787-F53F-484C-8EB5-B56F70C623E9}.Release|x64.ActiveCfg = Release|x64
		{5DCFC787-F53F-484C-8EB5-B56F70C623E9}.Release|x64.Build.0 = Release|x64
		{5DCFC787-F53F-484C-8EB5-B56F70C623E9}.Release|x86.ActiveCfg = Release|Win32
		{5DCFC787-F53F-484C-8EB5-B56F70C623E9}.Release|x86.Build.0 = Release|Win32
		{6990B736-110E-4F87-9790-BE97D515473C}.Debug|x64.ActiveCfg = Debug|x64
		{6990B736-110E-4F87-9790-BE97D515473C}.Debug|x64.Build.0 = Debug|x64
		{6990B736-110E-4F87-9790-BE97D515473C}.Debug|x86.ActiveCfg = Debug|Win32
		{6990B736-110E-4F87-9790-BE97D515473C}.Debug|x86.Build.0 = Debug|Win32
		{6990B736-110E-4F87-9790-BE97D515473C}.Release|x64.ActiveCfg = Release|x64
		{6990B736-110E-4F87-9790-BE97D515473C}.Release|x64.Build.0 = Release|x64
		{6990B736-110E-4F87-9790-BE97D515473C}.Release|x86.ActiveCfg = Release|Win32
		{6990B736-110E-4F87-9790-BE97D515473C}.Release|x86.Build.0 = Release|Win32
		{B7650C66-4488-44F4-89F1-3FBC088AB4C2}.Debug|x64.ActiveCfg = Debug|x64
		{B7650C66-4488-44F4-89F1-3FBC088AB4C2}.Debug|x64.Build.0 = Debug|x64
		{B7650C66-4488-44F4-89F1-3FBC088AB4C2}.Debug|x86.ActiveCfg = Debug|Win32
		{B7650C66-4488-44F4-89F1-3FBC088AB4C2}.Debug|x86.Build.0 = Debug|Win32
		{B7650C66-4488-44F4-89F1-3FBC088AB4C2}.Release|x64.ActiveCfg = Release|x64
		{B7650C66-4488-44F4-89F1-3FBC088AB4C2}.Release|x64.Build.0 = Release|x64
		{B7650C66-4488-44F4-89F1-3FBC088AB4C2}.Release|x86.ActiveCfg = Release|Win32
		{B7650C66-4488-44F4-89F1-3FBC088AB4C2}.Release|x86.Build.0 = Release|Win32
		{11AA551D-F20D-4F63-8BBF-8325BEFF005C}.Debug|x64.ActiveCfg = Debug|x64
		{11AA551D-F20D-4F63-8BBF-8325BEFF005C}.Debug|x64.Build.0 = Debug|x64
		{11AA551D-F20D-4F63-8BBF-8325BEFF005C}.Debug|x86.ActiveCfg = Debug|Win32
		{11AA551D-F20D-4F63-8BBF-8325BEFF005C}.Debug|x86.Build.0 = Debug|Win32
		{11AA551D-F20D-4F63-8BBF-8325BEFF005C}.Release|x64.ActiveCfg = Release|x64
		{11AA551D-F20D-4F63-8BBF-8325BEFF005C}.Release|x64.Build.0 = Release|x64
		{11AA551D-F20D-4F63-8BBF-8325BEFF005C}.Release|x86.ActiveCfg = Release|Win32
		{11AA551D-F20D-4F63-8BBF-8325BEFF005C}.Release|x86.Build.0 = Release|Win32
		{67397BCA-AAB6-4257-9692-17124DD60C67}.Debug|x64.ActiveCfg = Debug|x64
		{67397BCA-AAB6-4257-9692-17124DD60C67}.Debug|x64.Build.0 = Debug|x64
		{67397BCA-AAB6-4257-9692-17124DD60C67}.Debug|x86.ActiveCfg = Debug|Win32
		{67397BCA-AAB6-4257-9692-17124DD60C67}.Debug|x86.Build.0 = Debug|Win32
		{67397BCA-AAB6-4257-9692-17124DD60C67}.Release|x64.ActiveCfg = Release|x64
		{67397BCA-AAB6-4257-9692-17124DD60C67}.Release|x64.Build.0 = Release|x64
		{67397BCA-AAB6-4257-9692-17124DD60C67}.Release|x86.ActiveCfg = Release|Win32
		{67397BCA-AAB6-4257-9692-17124DD60C67}.Release|x86.Build.0 = Release|Win32
	EndGlobalSection
	GlobalSection(SolutionProperties) = preSolution
		HideSolutionNode = FALSE
	EndGlobalSection
	GlobalSection(NestedProjects) = preSolution
		{76F85E57-8152-4D41-9BB8-C771CBBE4770} = {91714BD4-994E-4EFC-BE32-E5480CBC6FAB}
		{91714BD4-994E-4EFC-BE32-E5480CBC6FAB} = {D8DC44F7-4792-40F9-AAFE-0257EEB5CA8B}
		{601B865A-231D-44F1-827B-C9BFA36B3533} = {5EBF4207-D8CA-4BE1-9907-540D53353D6B}
		{8DDE2DFA-E680-4CE8-B64D-5F4C75700C5D} = {D8DC44F7-4792-40F9-AAFE-0257EEB5CA8B}
		{2BDF35AD-C2DD-458C-AD64-A923A592054F} = {8DDE2DFA-E680-4CE8-B64D-5F4C75700C5D}
		{9D1DC759-B861-494A-AFA4-EA9CA0E513BC} = {8DDE2DFA-E680-4CE8-B64D-5F4C75700C5D}
		{87B0AADD-0B54-477A-80D6-75727849640B} = {8DDE2DFA-E680-4CE8-B64D-5F4C75700C5D}
		{9581F2FD-A62B-4582-B3B9-6CE0DB06E416} = {8DDE2DFA-E680-4CE8-B64D-5F4C75700C5D}
		{9015DF0B-EE1C-4AB8-A814-59BAB80BD7BC} = {5EBF4207-D8CA-4BE1-9907-540D53353D6B}
		{3040ADC4-9259-4EA0-ADC6-C0826E6EE531} = {D8DC44F7-4792-40F9-AAFE-0257EEB5CA8B}
		{EDFA845F-0588-4550-A462-0B625CE94AE3} = {3040ADC4-9259-4EA0-ADC6-C0826E6EE531}
		{85E418DF-D3FE-416C-9DD0-AB91C53C92F7} = {5EBF4207-D8CA-4BE1-9907-540D53353D6B}
		{B41B784E-3E0A-471F-A65B-05C905AF9ADC} = {D8DC44F7-4792-40F9-AAFE-0257EEB5CA8B}
		{18C0B454-A114-4FFB-812F-4247178CAD4E} = {B41B784E-3E0A-471F-A65B-05C905AF9ADC}
		{3AD3B98F-FF5B-44A3-A53D-2B5F66184EE4} = {B41B784E-3E0A-471F-A65B-05C905AF9ADC}
		{C99BB0F9-52AC-4718-927C-EAADA586C174} = {B41B784E-3E0A-471F-A65B-05C905AF9ADC}
		{A4E9BFB5-5402-4467-8A18-4EA54CEC0868} = {B41B784E-3E0A-471F-A65B-05C905AF9ADC}
		{029CBCEF-DFD5-4A72-89FC-522D1EFFCC03} = {B41B784E-3E0A-471F-A65B-05C905AF9ADC}
		{FEDBF308-3B05-490C-B333-0FBC3A2AF5D9} = {B41B784E-3E0A-471F-A65B-05C905AF9ADC}
		{913FF149-BBFB-4A12-A3F3-5C12FF0A22CD} = {B41B784E-3E0A-471F-A65B-05C905AF9ADC}
		{11426C3A-6DEB-4338-8E25-6FFC5882DE64} = {B41B784E-3E0A-471F-A65B-05C905AF9ADC}
		{C878D3A7-7252-4CB1-B69D-FF2849ABADCF} = {B41B784E-3E0A-471F-A65B-05C905AF9ADC}
		{ED28BC23-D3A0-44C2-9BA9-F0B557B638CA} = {B41B784E-3E0A-471F-A65B-05C905AF9ADC}
		{507FB11F-6477-45C6-999B-6E6FE714AB45} = {B41B784E-3E0A-471F-A65B-05C905AF9ADC}
		{36A7E6F8-B205-4F0C-9B92-22B07733AD35} = {B41B784E-3E0A-471F-A65B-05C905AF9ADC}
		{6BC9A3D2-F801-4A1E-A471-CB1EFE6597DE} = {B41B784E-3E0A-471F-A65B-05C905AF9ADC}
		{D67538D3-464A-47C9-B747-D537B72BB43E} = {B41B784E-3E0A-471F-A65B-05C905AF9ADC}
		{F1CA00B7-2501-4190-AE41-29E3A7EF58AD} = {B41B784E-3E0A-471F-A65B-05C905AF9ADC}
		{2005BC5C-D770-4ED0-8D98-963DA35E43A0} = {B41B784E-3E0A-471F-A65B-05C905AF9ADC}
		{83FD2ACE-5FFC-4AB3-A764-623F390A7A40} = {D8DC44F7-4792-40F9-AAFE-0257EEB5CA8B}
		{1900E37D-63CA-4AA0-A668-00FF27A1C769} = {83FD2ACE-5FFC-4AB3-A764-623F390A7A40}
		{F171B1B9-B209-4170-8DD8-241BFFEE685C} = {83FD2ACE-5FFC-4AB3-A764-623F390A7A40}
		{3F420781-E215-47B6-A0E3-DDC528EFB52B} = {83FD2ACE-5FFC-4AB3-A764-623F390A7A40}
		{12B4A0C5-FEF8-4338-800C-FD24CFE2BEA9} = {83FD2ACE-5FFC-4AB3-A764-623F390A7A40}
		{49FA9549-9787-42C7-BF5B-7479AB554FAA} = {83FD2ACE-5FFC-4AB3-A764-623F390A7A40}
		{6881D1DB-3649-489C-9AA8-490D0CFC7907} = {83FD2ACE-5FFC-4AB3-A764-623F390A7A40}
		{A1BA7E49-D842-4DE4-B17D-E1FE340B80B7} = {5EBF4207-D8CA-4BE1-9907-540D53353D6B}
		{DEFBA944-DC5D-441D-AEB3-CA75E0444A64} = {D8DC44F7-4792-40F9-AAFE-0257EEB5CA8B}
		{3FB58DD3-2DE7-41E3-A154-28FCE7A48C65} = {DEFBA944-DC5D-441D-AEB3-CA75E0444A64}
		{5DCFC787-F53F-484C-8EB5-B56F70C623E9} = {DEFBA944-DC5D-441D-AEB3-CA75E0444A64}
		{6990B736-110E-4F87-9790-BE97D515473C} = {DEFBA944-DC5D-441D-AEB3-CA75E0444A64}
		{B7650C66-4488-44F4-89F1-3FBC088AB4C2} = {5EBF4207-D8CA-4BE1-9907-540D53353D6B}
		{11AA551D-F20D-4F63-8BBF-8325BEFF005C} = {5EBF4207-D8CA-4BE1-9907-540D53353D6B}
		{67397BCA-AAB6-4257-9692-17124DD60C67} = {5EBF4207-D8CA-4BE1-9907-540D53353D6B}
	EndGlobalSection
	GlobalSection(ExtensibilityGlobals) = postSolution
		SolutionGuid = {434F605F-EC2D-4FF9-9666-7119BF441D0F}
	EndGlobalSection
EndGlobal
