
Microsoft Visual Studio Solution File, Format Version 12.00
# Visual Studio Version 16
VisualStudioVersion = 16.0.31702.278
MinimumVisualStudioVersion = 10.0.40219.1
Project("{8BC9CEB8-8B4A-11D0-8D11-00A0C91BC942}") = "Expression", "Expression\Expression.vcxproj", "{76F85E57-8152-4D41-9BB8-C771CBBE4770}"
EndProject
Project("{2150E333-8FDC-42A3-9474-1A3956D46DE8}") = "HW1", "HW1", "{91714BD4-994E-4EFC-BE32-E5480CBC6FAB}"
EndProject
Project("{2150E333-8FDC-42A3-9474-1A3956D46DE8}") = "CW", "CW", "{5EBF4207-D8CA-4BE1-9907-540D53353D6B}"
EndProject
Project("{2150E333-8FDC-42A3-9474-1A3956D46DE8}") = "HW", "HW", "{D8DC44F7-4792-40F9-AAFE-0257EEB5CA8B}"
EndProject
Project("{8BC9CEB8-8B4A-11D0-8D11-00A0C91BC942}") = "02.10", "02.10\02.10.vcxproj", "{601B865A-231D-44F1-827B-C9BFA36B3533}"
EndProject
Project("{2150E333-8FDC-42A3-9474-1A3956D46DE8}") = "HW2", "HW2", "{8DDE2DFA-E680-4CE8-B64D-5F4C75700C5D}"
EndProject
Project("{8BC9CEB8-8B4A-11D0-8D11-00A0C91BC942}") = "SumOf3DigitNum", "SumOf3DigitNum\SumOf3DigitNum.vcxproj", "{2BDF35AD-C2DD-458C-AD64-A923A592054F}"
EndProject
Project("{8BC9CEB8-8B4A-11D0-8D11-00A0C91BC942}") = "3DigitNumVV", "3DigitNumVV\3DigitNumVV.vcxproj", "{9D1DC759-B861-494A-AFA4-EA9CA0E513BC}"
EndProject
Project("{8BC9CEB8-8B4A-11D0-8D11-00A0C91BC942}") = "DistBet2Points", "DistBet2Points\DistBet2Points.vcxproj", "{87B0AADD-0B54-477A-80D6-75727849640B}"
EndProject
Project("{8BC9CEB8-8B4A-11D0-8D11-00A0C91BC942}") = "RoomAndTiles", "RoomAndTiles\RoomAndTiles.vcxproj", "{9581F2FD-A62B-4582-B3B9-6CE0DB06E416}"
EndProject
Global
	GlobalSection(SolutionConfigurationPlatforms) = preSolution
		Debug|x64 = Debug|x64
		Debug|x86 = Debug|x86
		Release|x64 = Release|x64
		Release|x86 = Release|x86
	EndGlobalSection
	GlobalSection(ProjectConfigurationPlatforms) = postSolution
		{76F85E57-8152-4D41-9BB8-C771CBBE4770}.Debug|x64.ActiveCfg = Debug|x64
		{76F85E57-8152-4D41-9BB8-C771CBBE4770}.Debug|x64.Build.0 = Debug|x64
		{76F85E57-8152-4D41-9BB8-C771CBBE4770}.Debug|x86.ActiveCfg = Debug|Win32
		{76F85E57-8152-4D41-9BB8-C771CBBE4770}.Debug|x86.Build.0 = Debug|Win32
		{76F85E57-8152-4D41-9BB8-C771CBBE4770}.Release|x64.ActiveCfg = Release|x64
		{76F85E57-8152-4D41-9BB8-C771CBBE4770}.Release|x64.Build.0 = Release|x64
		{76F85E57-8152-4D41-9BB8-C771CBBE4770}.Release|x86.ActiveCfg = Release|Win32
		{76F85E57-8152-4D41-9BB8-C771CBBE4770}.Release|x86.Build.0 = Release|Win32
		{601B865A-231D-44F1-827B-C9BFA36B3533}.Debug|x64.ActiveCfg = Debug|x64
		{601B865A-231D-44F1-827B-C9BFA36B3533}.Debug|x64.Build.0 = Debug|x64
		{601B865A-231D-44F1-827B-C9BFA36B3533}.Debug|x86.ActiveCfg = Debug|Win32
		{601B865A-231D-44F1-827B-C9BFA36B3533}.Debug|x86.Build.0 = Debug|Win32
		{601B865A-231D-44F1-827B-C9BFA36B3533}.Release|x64.ActiveCfg = Release|x64
		{601B865A-231D-44F1-827B-C9BFA36B3533}.Release|x64.Build.0 = Release|x64
		{601B865A-231D-44F1-827B-C9BFA36B3533}.Release|x86.ActiveCfg = Release|Win32
		{601B865A-231D-44F1-827B-C9BFA36B3533}.Release|x86.Build.0 = Release|Win32
		{2BDF35AD-C2DD-458C-AD64-A923A592054F}.Debug|x64.ActiveCfg = Debug|x64
		{2BDF35AD-C2DD-458C-AD64-A923A592054F}.Debug|x64.Build.0 = Debug|x64
		{2BDF35AD-C2DD-458C-AD64-A923A592054F}.Debug|x86.ActiveCfg = Debug|Win32
		{2BDF35AD-C2DD-458C-AD64-A923A592054F}.Debug|x86.Build.0 = Debug|Win32
		{2BDF35AD-C2DD-458C-AD64-A923A592054F}.Release|x64.ActiveCfg = Release|x64
		{2BDF35AD-C2DD-458C-AD64-A923A592054F}.Release|x64.Build.0 = Release|x64
		{2BDF35AD-C2DD-458C-AD64-A923A592054F}.Release|x86.ActiveCfg = Release|Win32
		{2BDF35AD-C2DD-458C-AD64-A923A592054F}.Release|x86.Build.0 = Release|Win32
		{9D1DC759-B861-494A-AFA4-EA9CA0E513BC}.Debug|x64.ActiveCfg = Debug|x64
		{9D1DC759-B861-494A-AFA4-EA9CA0E513BC}.Debug|x64.Build.0 = Debug|x64
		{9D1DC759-B861-494A-AFA4-EA9CA0E513BC}.Debug|x86.ActiveCfg = Debug|Win32
		{9D1DC759-B861-494A-AFA4-EA9CA0E513BC}.Debug|x86.Build.0 = Debug|Win32
		{9D1DC759-B861-494A-AFA4-EA9CA0E513BC}.Release|x64.ActiveCfg = Release|x64
		{9D1DC759-B861-494A-AFA4-EA9CA0E513BC}.Release|x64.Build.0 = Release|x64
		{9D1DC759-B861-494A-AFA4-EA9CA0E513BC}.Release|x86.ActiveCfg = Release|Win32
		{9D1DC759-B861-494A-AFA4-EA9CA0E513BC}.Release|x86.Build.0 = Release|Win32
		{87B0AADD-0B54-477A-80D6-75727849640B}.Debug|x64.ActiveCfg = Debug|x64
		{87B0AADD-0B54-477A-80D6-75727849640B}.Debug|x64.Build.0 = Debug|x64
		{87B0AADD-0B54-477A-80D6-75727849640B}.Debug|x86.ActiveCfg = Debug|Win32
		{87B0AADD-0B54-477A-80D6-75727849640B}.Debug|x86.Build.0 = Debug|Win32
		{87B0AADD-0B54-477A-80D6-75727849640B}.Release|x64.ActiveCfg = Release|x64
		{87B0AADD-0B54-477A-80D6-75727849640B}.Release|x64.Build.0 = Release|x64
		{87B0AADD-0B54-477A-80D6-75727849640B}.Release|x86.ActiveCfg = Release|Win32
		{87B0AADD-0B54-477A-80D6-75727849640B}.Release|x86.Build.0 = Release|Win32
		{9581F2FD-A62B-4582-B3B9-6CE0DB06E416}.Debug|x64.ActiveCfg = Debug|x64
		{9581F2FD-A62B-4582-B3B9-6CE0DB06E416}.Debug|x64.Build.0 = Debug|x64
		{9581F2FD-A62B-4582-B3B9-6CE0DB06E416}.Debug|x86.ActiveCfg = Debug|Win32
		{9581F2FD-A62B-4582-B3B9-6CE0DB06E416}.Debug|x86.Build.0 = Debug|Win32
		{9581F2FD-A62B-4582-B3B9-6CE0DB06E416}.Release|x64.ActiveCfg = Release|x64
		{9581F2FD-A62B-4582-B3B9-6CE0DB06E416}.Release|x64.Build.0 = Release|x64
		{9581F2FD-A62B-4582-B3B9-6CE0DB06E416}.Release|x86.ActiveCfg = Release|Win32
		{9581F2FD-A62B-4582-B3B9-6CE0DB06E416}.Release|x86.Build.0 = Release|Win32
	EndGlobalSection
	GlobalSection(SolutionProperties) = preSolution
		HideSolutionNode = FALSE
	EndGlobalSection
	GlobalSection(NestedProjects) = preSolution
		{76F85E57-8152-4D41-9BB8-C771CBBE4770} = {91714BD4-994E-4EFC-BE32-E5480CBC6FAB}
		{91714BD4-994E-4EFC-BE32-E5480CBC6FAB} = {D8DC44F7-4792-40F9-AAFE-0257EEB5CA8B}
		{601B865A-231D-44F1-827B-C9BFA36B3533} = {5EBF4207-D8CA-4BE1-9907-540D53353D6B}
		{8DDE2DFA-E680-4CE8-B64D-5F4C75700C5D} = {D8DC44F7-4792-40F9-AAFE-0257EEB5CA8B}
		{2BDF35AD-C2DD-458C-AD64-A923A592054F} = {8DDE2DFA-E680-4CE8-B64D-5F4C75700C5D}
		{9D1DC759-B861-494A-AFA4-EA9CA0E513BC} = {8DDE2DFA-E680-4CE8-B64D-5F4C75700C5D}
		{87B0AADD-0B54-477A-80D6-75727849640B} = {8DDE2DFA-E680-4CE8-B64D-5F4C75700C5D}
		{9581F2FD-A62B-4582-B3B9-6CE0DB06E416} = {8DDE2DFA-E680-4CE8-B64D-5F4C75700C5D}
	EndGlobalSection
	GlobalSection(ExtensibilityGlobals) = postSolution
		SolutionGuid = {434F605F-EC2D-4FF9-9666-7119BF441D0F}
	EndGlobalSection
EndGlobal
